// !$*UTF8*$!
{
	archiveVersion = 1;
	classes = {
	};
	objectVersion = 46;
	objects = {

/* Begin PBXBuildFile section */
		04061C771E02452C008F65AC /* CQPhoneNumController.m in Sources */ = {isa = PBXBuildFile; fileRef = 04061C761E02452C008F65AC /* CQPhoneNumController.m */; };
		04061C791E02453C008F65AC /* CQPhoneNumController.storyboard in Resources */ = {isa = PBXBuildFile; fileRef = 04061C781E02453C008F65AC /* CQPhoneNumController.storyboard */; };
		04061C7F1E02640E008F65AC /* CQLoadPhoneNumber.m in Sources */ = {isa = PBXBuildFile; fileRef = 04061C7E1E02640E008F65AC /* CQLoadPhoneNumber.m */; };
		04061C821E026F82008F65AC /* CQPhoneNumModel.m in Sources */ = {isa = PBXBuildFile; fileRef = 04061C811E026F82008F65AC /* CQPhoneNumModel.m */; };
		042B27201E441BF800B5EE6E /* CQCellHFlowLayout.m in Sources */ = {isa = PBXBuildFile; fileRef = 042B271A1E441BF800B5EE6E /* CQCellHFlowLayout.m */; };
		042B27211E441BF800B5EE6E /* CQCollectionHController.m in Sources */ = {isa = PBXBuildFile; fileRef = 042B271C1E441BF800B5EE6E /* CQCollectionHController.m */; };
		042B27221E441BF800B5EE6E /* CQCollectionViewCellH.m in Sources */ = {isa = PBXBuildFile; fileRef = 042B271E1E441BF800B5EE6E /* CQCollectionViewCellH.m */; };
		042B27231E441BF800B5EE6E /* CQCollectionViewCellH.xib in Resources */ = {isa = PBXBuildFile; fileRef = 042B271F1E441BF800B5EE6E /* CQCollectionViewCellH.xib */; };
		042B272E1E441C1200B5EE6E /* CQCollectionViewAnimation.m in Sources */ = {isa = PBXBuildFile; fileRef = 042B27261E441C1200B5EE6E /* CQCollectionViewAnimation.m */; };
		042B272F1E441C1300B5EE6E /* CQCollectionViewCell.m in Sources */ = {isa = PBXBuildFile; fileRef = 042B27281E441C1200B5EE6E /* CQCollectionViewCell.m */; };
		042B27301E441C1300B5EE6E /* CQCollectionViewCell.xib in Resources */ = {isa = PBXBuildFile; fileRef = 042B27291E441C1200B5EE6E /* CQCollectionViewCell.xib */; };
		042B27311E441C1300B5EE6E /* CQCycleLayout.m in Sources */ = {isa = PBXBuildFile; fileRef = 042B272B1E441C1200B5EE6E /* CQCycleLayout.m */; };
		042B27321E441C1300B5EE6E /* CQStackLayout.m in Sources */ = {isa = PBXBuildFile; fileRef = 042B272D1E441C1200B5EE6E /* CQStackLayout.m */; };
		042B273B1E441C2A00B5EE6E /* CQWaterfallFlowController.m in Sources */ = {isa = PBXBuildFile; fileRef = 042B27351E441C2A00B5EE6E /* CQWaterfallFlowController.m */; };
		042B273C1E441C2A00B5EE6E /* CQWaterfallFlowController.storyboard in Resources */ = {isa = PBXBuildFile; fileRef = 042B27361E441C2A00B5EE6E /* CQWaterfallFlowController.storyboard */; };
		042B273D1E441C2A00B5EE6E /* CQWaterfallFlowCell.m in Sources */ = {isa = PBXBuildFile; fileRef = 042B27381E441C2A00B5EE6E /* CQWaterfallFlowCell.m */; };
		042B273E1E441C2A00B5EE6E /* CQWaterfallLayout.m in Sources */ = {isa = PBXBuildFile; fileRef = 042B273A1E441C2A00B5EE6E /* CQWaterfallLayout.m */; };
		042B27411E441C6E00B5EE6E /* CQCollectionViewController.m in Sources */ = {isa = PBXBuildFile; fileRef = 042B27401E441C6E00B5EE6E /* CQCollectionViewController.m */; };
		044232D71E1CDB5E00312752 /* UIImageView+CQBlur.m in Sources */ = {isa = PBXBuildFile; fileRef = 044232D61E1CDB5E00312752 /* UIImageView+CQBlur.m */; };
		044232DA1E1CDB8300312752 /* CQAnimationManager.m in Sources */ = {isa = PBXBuildFile; fileRef = 044232D91E1CDB8300312752 /* CQAnimationManager.m */; };
		04468E1E1E14EF3C002D6942 /* CQVideoModel.m in Sources */ = {isa = PBXBuildFile; fileRef = 04468E1D1E14EF3C002D6942 /* CQVideoModel.m */; };
		04468E671E150BFF002D6942 /* CQDownloadData.m in Sources */ = {isa = PBXBuildFile; fileRef = 04468E661E150BFF002D6942 /* CQDownloadData.m */; };
		04468E6A1E150E7E002D6942 /* CQAFSessionManager.m in Sources */ = {isa = PBXBuildFile; fileRef = 04468E691E150E7E002D6942 /* CQAFSessionManager.m */; };
		0450CD391E028C3D0080F6F7 /* CQPhoneNumberCell.m in Sources */ = {isa = PBXBuildFile; fileRef = 0450CD381E028C3D0080F6F7 /* CQPhoneNumberCell.m */; };
		0450CD3D1E0298500080F6F7 /* NSString+CQUtil.m in Sources */ = {isa = PBXBuildFile; fileRef = 0450CD3C1E0298500080F6F7 /* NSString+CQUtil.m */; };
		0450CD401E029B5F0080F6F7 /* CQContactSorted.m in Sources */ = {isa = PBXBuildFile; fileRef = 0450CD3F1E029B5F0080F6F7 /* CQContactSorted.m */; };
		0453E6341DFE82E900DD68E1 /* CQMainController.m in Sources */ = {isa = PBXBuildFile; fileRef = 0453E6321DFE82E900DD68E1 /* CQMainController.m */; };
		0453E63A1DFE82FD00DD68E1 /* CQAppsController.m in Sources */ = {isa = PBXBuildFile; fileRef = 0453E6371DFE82FD00DD68E1 /* CQAppsController.m */; };
		0453E63B1DFE82FD00DD68E1 /* CQAppsFlowLayout.m in Sources */ = {isa = PBXBuildFile; fileRef = 0453E6391DFE82FD00DD68E1 /* CQAppsFlowLayout.m */; };
		0453E6441DFE831500DD68E1 /* CQAppsCell.m in Sources */ = {isa = PBXBuildFile; fileRef = 0453E63D1DFE831500DD68E1 /* CQAppsCell.m */; };
		0453E6451DFE831500DD68E1 /* CQAppsView.m in Sources */ = {isa = PBXBuildFile; fileRef = 0453E63F1DFE831500DD68E1 /* CQAppsView.m */; };
		0453E6461DFE831500DD68E1 /* CQFooterView.m in Sources */ = {isa = PBXBuildFile; fileRef = 0453E6411DFE831500DD68E1 /* CQFooterView.m */; };
		0453E6471DFE831500DD68E1 /* CQHeaderView.m in Sources */ = {isa = PBXBuildFile; fileRef = 0453E6431DFE831500DD68E1 /* CQHeaderView.m */; };
		0453E64C1DFE832A00DD68E1 /* CQAppsDataManager.m in Sources */ = {isa = PBXBuildFile; fileRef = 0453E6491DFE832A00DD68E1 /* CQAppsDataManager.m */; };
		0453E64D1DFE832A00DD68E1 /* CQAppsModel.m in Sources */ = {isa = PBXBuildFile; fileRef = 0453E64B1DFE832A00DD68E1 /* CQAppsModel.m */; };
		0453E6511DFE836300DD68E1 /* CQDynamicViewController.m in Sources */ = {isa = PBXBuildFile; fileRef = 0453E6501DFE836300DD68E1 /* CQDynamicViewController.m */; };
		0453E6541DFE83B700DD68E1 /* CQMainController.storyboard in Resources */ = {isa = PBXBuildFile; fileRef = 0453E6521DFE83B700DD68E1 /* CQMainController.storyboard */; };
		047B78D51E232B2400CAD6D5 /* CQPlayerManager.m in Sources */ = {isa = PBXBuildFile; fileRef = 047B78D41E232B2400CAD6D5 /* CQPlayerManager.m */; };
		0481030B1DF9065C00FE7C0F /* main.m in Sources */ = {isa = PBXBuildFile; fileRef = 0481030A1DF9065C00FE7C0F /* main.m */; };
		0481030E1DF9065C00FE7C0F /* CQAppDelegate.m in Sources */ = {isa = PBXBuildFile; fileRef = 0481030D1DF9065C00FE7C0F /* CQAppDelegate.m */; };
		048103161DF9065C00FE7C0F /* Assets.xcassets in Resources */ = {isa = PBXBuildFile; fileRef = 048103151DF9065C00FE7C0F /* Assets.xcassets */; };
		048103191DF9065C00FE7C0F /* CQLaunchScreen.storyboard in Resources */ = {isa = PBXBuildFile; fileRef = 048103171DF9065C00FE7C0F /* CQLaunchScreen.storyboard */; };
		048103241DF9065C00FE7C0F /* CQPayedDemoTests.m in Sources */ = {isa = PBXBuildFile; fileRef = 048103231DF9065C00FE7C0F /* CQPayedDemoTests.m */; };
		0481032F1DF9065C00FE7C0F /* CQPayedDemoUITests.m in Sources */ = {isa = PBXBuildFile; fileRef = 0481032E1DF9065C00FE7C0F /* CQPayedDemoUITests.m */; };
		0481035C1DF94BCC00FE7C0F /* CQHeader.m in Sources */ = {isa = PBXBuildFile; fileRef = 0481035B1DF94BCC00FE7C0F /* CQHeader.m */; };
		048F89681E08D09300BD7485 /* CQPlayerController.m in Sources */ = {isa = PBXBuildFile; fileRef = 048F89671E08D09300BD7485 /* CQPlayerController.m */; };
		048F896F1E08D1B400BD7485 /* CQPlayerView.m in Sources */ = {isa = PBXBuildFile; fileRef = 048F896E1E08D1B400BD7485 /* CQPlayerView.m */; };
		048F89711E08D1E300BD7485 /* CQPlayerController.storyboard in Resources */ = {isa = PBXBuildFile; fileRef = 048F89701E08D1E300BD7485 /* CQPlayerController.storyboard */; };
		048F89741E08E15300BD7485 /* CQTopView.m in Sources */ = {isa = PBXBuildFile; fileRef = 048F89731E08E15300BD7485 /* CQTopView.m */; };
		048F89771E08E15F00BD7485 /* CQBottomView.m in Sources */ = {isa = PBXBuildFile; fileRef = 048F89761E08E15F00BD7485 /* CQBottomView.m */; };
		04A341461E014702006D1AF3 /* CQDynamicViewController.storyboard in Resources */ = {isa = PBXBuildFile; fileRef = 04A341451E014702006D1AF3 /* CQDynamicViewController.storyboard */; };
		04A341481E01472B006D1AF3 /* CQAppsController.storyboard in Resources */ = {isa = PBXBuildFile; fileRef = 04A341471E01472B006D1AF3 /* CQAppsController.storyboard */; };
		04A3414E1E014BDA006D1AF3 /* CQDynamicMenueView.m in Sources */ = {isa = PBXBuildFile; fileRef = 04A3414D1E014BDA006D1AF3 /* CQDynamicMenueView.m */; };
		04A4EFF91E07A88D001596B2 /* AppDataList.plist in Resources */ = {isa = PBXBuildFile; fileRef = 04A4EFF81E07A88D001596B2 /* AppDataList.plist */; };
		04A4EFFC1E07B29D001596B2 /* CQCoreTextController.m in Sources */ = {isa = PBXBuildFile; fileRef = 04A4EFFB1E07B29D001596B2 /* CQCoreTextController.m */; };
		04A4EFFE1E07B2B4001596B2 /* CQCoreTextController.storyboard in Resources */ = {isa = PBXBuildFile; fileRef = 04A4EFFD1E07B2B4001596B2 /* CQCoreTextController.storyboard */; };
		04A4F0041E07B3B9001596B2 /* CQDisplayView.m in Sources */ = {isa = PBXBuildFile; fileRef = 04A4F0031E07B3B9001596B2 /* CQDisplayView.m */; };
		04A4F0081E07B3EC001596B2 /* CQMagnifierView.m in Sources */ = {isa = PBXBuildFile; fileRef = 04A4F0071E07B3EC001596B2 /* CQMagnifierView.m */; };
		04A4F00D1E07B40F001596B2 /* CQCoreTextUtils.m in Sources */ = {isa = PBXBuildFile; fileRef = 04A4F00A1E07B40F001596B2 /* CQCoreTextUtils.m */; };
		04A4F00E1E07B40F001596B2 /* UIImage+CQExtra.m in Sources */ = {isa = PBXBuildFile; fileRef = 04A4F00C1E07B40F001596B2 /* UIImage+CQExtra.m */; };
		04A4F0131E07B431001596B2 /* CQCoreTextImageData.m in Sources */ = {isa = PBXBuildFile; fileRef = 04A4F0101E07B431001596B2 /* CQCoreTextImageData.m */; };
		04A4F0141E07B431001596B2 /* CQCoreTextLinkData.m in Sources */ = {isa = PBXBuildFile; fileRef = 04A4F0121E07B431001596B2 /* CQCoreTextLinkData.m */; };
		04A4F0171E07B450001596B2 /* CQCTFrameParser.m in Sources */ = {isa = PBXBuildFile; fileRef = 04A4F0161E07B450001596B2 /* CQCTFrameParser.m */; };
		04A4F01A1E07B472001596B2 /* CQCoreTextData.m in Sources */ = {isa = PBXBuildFile; fileRef = 04A4F0191E07B472001596B2 /* CQCoreTextData.m */; };
		04A4F01D1E07B491001596B2 /* CQCTFrameParserConfig.m in Sources */ = {isa = PBXBuildFile; fileRef = 04A4F01C1E07B491001596B2 /* CQCTFrameParserConfig.m */; };
		04A4F01F1E07B4A1001596B2 /* TempData.plist in Resources */ = {isa = PBXBuildFile; fileRef = 04A4F01E1E07B4A1001596B2 /* TempData.plist */; };
		04A4F0221E07B4B4001596B2 /* CQWebViewController.m in Sources */ = {isa = PBXBuildFile; fileRef = 04A4F0211E07B4B4001596B2 /* CQWebViewController.m */; };
		04A4F0241E07B5F2001596B2 /* default_imgAbout.jpg in Resources */ = {isa = PBXBuildFile; fileRef = 04A4F0231E07B5F2001596B2 /* default_imgAbout.jpg */; };
		04A4F0271E07D59D001596B2 /* CQBigImageView.m in Sources */ = {isa = PBXBuildFile; fileRef = 04A4F0261E07D59D001596B2 /* CQBigImageView.m */; };
		04D89E211E1DFB2E00870A26 /* CQTableViewCell.m in Sources */ = {isa = PBXBuildFile; fileRef = 04D89E1F1E1DFB2E00870A26 /* CQTableViewCell.m */; };
		04D89E221E1DFB2E00870A26 /* CQTableViewCell.xib in Resources */ = {isa = PBXBuildFile; fileRef = 04D89E201E1DFB2E00870A26 /* CQTableViewCell.xib */; };
		04D89E261E1DFB6000870A26 /* CQRecommendController.m in Sources */ = {isa = PBXBuildFile; fileRef = 04D89E241E1DFB6000870A26 /* CQRecommendController.m */; };
		04D89E271E1DFB6000870A26 /* CQRecommendController.storyboard in Resources */ = {isa = PBXBuildFile; fileRef = 04D89E251E1DFB6000870A26 /* CQRecommendController.storyboard */; };
		04D89E2C1E1DFBC400870A26 /* CQMajorController.m in Sources */ = {isa = PBXBuildFile; fileRef = 04D89E2A1E1DFBC400870A26 /* CQMajorController.m */; };
		04D89E2D1E1DFBC400870A26 /* CQMajorController.storyboard in Resources */ = {isa = PBXBuildFile; fileRef = 04D89E2B1E1DFBC400870A26 /* CQMajorController.storyboard */; };
		04D89E351E1DFC8300870A26 /* CQVideoController.m in Sources */ = {isa = PBXBuildFile; fileRef = 04D89E331E1DFC8300870A26 /* CQVideoController.m */; };
		04D89E361E1DFC8300870A26 /* CQVideoController.storyboard in Resources */ = {isa = PBXBuildFile; fileRef = 04D89E341E1DFC8300870A26 /* CQVideoController.storyboard */; };
		04D89E3C1E1DFC8F00870A26 /* CQMusicBarController.m in Sources */ = {isa = PBXBuildFile; fileRef = 04D89E381E1DFC8F00870A26 /* CQMusicBarController.m */; };
		04D89E3D1E1DFC8F00870A26 /* CQMusicBarController.storyboard in Resources */ = {isa = PBXBuildFile; fileRef = 04D89E391E1DFC8F00870A26 /* CQMusicBarController.storyboard */; };
		04D89E3E1E1DFC8F00870A26 /* CQNavigationController.m in Sources */ = {isa = PBXBuildFile; fileRef = 04D89E3B1E1DFC8F00870A26 /* CQNavigationController.m */; };
		04D89E431E1DFC9E00870A26 /* CQButton.m in Sources */ = {isa = PBXBuildFile; fileRef = 04D89E401E1DFC9E00870A26 /* CQButton.m */; };
		04D89E441E1DFC9E00870A26 /* CQTabBar.m in Sources */ = {isa = PBXBuildFile; fileRef = 04D89E421E1DFC9E00870A26 /* CQTabBar.m */; };
		04D89E491E1DFCAD00870A26 /* CQBaseLayoutModel.m in Sources */ = {isa = PBXBuildFile; fileRef = 04D89E461E1DFCAD00870A26 /* CQBaseLayoutModel.m */; };
		04D89E4A1E1DFCAD00870A26 /* CQBaseModel.m in Sources */ = {isa = PBXBuildFile; fileRef = 04D89E481E1DFCAD00870A26 /* CQBaseModel.m */; };
		04D89E4F1E1DFCCE00870A26 /* CQContentLayoutModel.m in Sources */ = {isa = PBXBuildFile; fileRef = 04D89E4C1E1DFCCE00870A26 /* CQContentLayoutModel.m */; };
		04D89E501E1DFCCE00870A26 /* CQContentModel.m in Sources */ = {isa = PBXBuildFile; fileRef = 04D89E4E1E1DFCCE00870A26 /* CQContentModel.m */; };
		04D89E531E1E0CF300870A26 /* CQSongListController.m in Sources */ = {isa = PBXBuildFile; fileRef = 04D89E521E1E0CF300870A26 /* CQSongListController.m */; };
		04D89E551E1E0D1400870A26 /* CQSongListController.storyboard in Resources */ = {isa = PBXBuildFile; fileRef = 04D89E541E1E0D1400870A26 /* CQSongListController.storyboard */; };
		04D89E581E1E0E3500870A26 /* CQSongCell.m in Sources */ = {isa = PBXBuildFile; fileRef = 04D89E571E1E0E3500870A26 /* CQSongCell.m */; };
		04D89E5B1E1E15FF00870A26 /* CQSongListHeadView.m in Sources */ = {isa = PBXBuildFile; fileRef = 04D89E5A1E1E15FF00870A26 /* CQSongListHeadView.m */; };
		04D89E5E1E1E30F800870A26 /* CQSongModel.m in Sources */ = {isa = PBXBuildFile; fileRef = 04D89E5D1E1E30F800870A26 /* CQSongModel.m */; };
		04D89E611E1E313E00870A26 /* CQSongLayoutModel.m in Sources */ = {isa = PBXBuildFile; fileRef = 04D89E601E1E313E00870A26 /* CQSongLayoutModel.m */; };
		04E2DFBD1E1BA1B40016D81C /* backGroundImage.png in Resources */ = {isa = PBXBuildFile; fileRef = 04E2DFBC1E1BA1B40016D81C /* backGroundImage.png */; };
		04EBCFB01E1F787B00D50729 /* CQCenterView.m in Sources */ = {isa = PBXBuildFile; fileRef = 04EBCFAF1E1F787B00D50729 /* CQCenterView.m */; };
		04F875BF1E03931900D25907 /* UIView+Frame.m in Sources */ = {isa = PBXBuildFile; fileRef = 04F875BE1E03931900D25907 /* UIView+Frame.m */; };
		04F875C21E03E5B000D25907 /* CQPhoneHeaderView.m in Sources */ = {isa = PBXBuildFile; fileRef = 04F875C11E03E5B000D25907 /* CQPhoneHeaderView.m */; };
		A974070AE76F1655FF2CA8D5 /* libPods-CQPayedDemo.a in Frameworks */ = {isa = PBXBuildFile; fileRef = 1591E47FC17EF5AB4A7AA418 /* libPods-CQPayedDemo.a */; };
/* End PBXBuildFile section */

/* Begin PBXContainerItemProxy section */
		048103201DF9065C00FE7C0F /* PBXContainerItemProxy */ = {
			isa = PBXContainerItemProxy;
			containerPortal = 048102FE1DF9065B00FE7C0F /* Project object */;
			proxyType = 1;
			remoteGlobalIDString = 048103051DF9065B00FE7C0F;
			remoteInfo = CQPayedDemo;
		};
		0481032B1DF9065C00FE7C0F /* PBXContainerItemProxy */ = {
			isa = PBXContainerItemProxy;
			containerPortal = 048102FE1DF9065B00FE7C0F /* Project object */;
			proxyType = 1;
			remoteGlobalIDString = 048103051DF9065B00FE7C0F;
			remoteInfo = CQPayedDemo;
		};
/* End PBXContainerItemProxy section */

/* Begin PBXFileReference section */
		04061C751E02452C008F65AC /* CQPhoneNumController.h */ = {isa = PBXFileReference; fileEncoding = 4; lastKnownFileType = sourcecode.c.h; path = CQPhoneNumController.h; sourceTree = "<group>"; };
		04061C761E02452C008F65AC /* CQPhoneNumController.m */ = {isa = PBXFileReference; fileEncoding = 4; lastKnownFileType = sourcecode.c.objc; path = CQPhoneNumController.m; sourceTree = "<group>"; };
		04061C781E02453C008F65AC /* CQPhoneNumController.storyboard */ = {isa = PBXFileReference; fileEncoding = 4; lastKnownFileType = file.storyboard; path = CQPhoneNumController.storyboard; sourceTree = "<group>"; };
		04061C7D1E02640E008F65AC /* CQLoadPhoneNumber.h */ = {isa = PBXFileReference; fileEncoding = 4; lastKnownFileType = sourcecode.c.h; path = CQLoadPhoneNumber.h; sourceTree = "<group>"; };
		04061C7E1E02640E008F65AC /* CQLoadPhoneNumber.m */ = {isa = PBXFileReference; fileEncoding = 4; lastKnownFileType = sourcecode.c.objc; path = CQLoadPhoneNumber.m; sourceTree = "<group>"; };
		04061C801E026F82008F65AC /* CQPhoneNumModel.h */ = {isa = PBXFileReference; fileEncoding = 4; lastKnownFileType = sourcecode.c.h; path = CQPhoneNumModel.h; sourceTree = "<group>"; };
		04061C811E026F82008F65AC /* CQPhoneNumModel.m */ = {isa = PBXFileReference; fileEncoding = 4; lastKnownFileType = sourcecode.c.objc; path = CQPhoneNumModel.m; sourceTree = "<group>"; };
		042B27191E441BF800B5EE6E /* CQCellHFlowLayout.h */ = {isa = PBXFileReference; fileEncoding = 4; lastKnownFileType = sourcecode.c.h; path = CQCellHFlowLayout.h; sourceTree = "<group>"; };
		042B271A1E441BF800B5EE6E /* CQCellHFlowLayout.m */ = {isa = PBXFileReference; fileEncoding = 4; lastKnownFileType = sourcecode.c.objc; path = CQCellHFlowLayout.m; sourceTree = "<group>"; };
		042B271B1E441BF800B5EE6E /* CQCollectionHController.h */ = {isa = PBXFileReference; fileEncoding = 4; lastKnownFileType = sourcecode.c.h; path = CQCollectionHController.h; sourceTree = "<group>"; };
		042B271C1E441BF800B5EE6E /* CQCollectionHController.m */ = {isa = PBXFileReference; fileEncoding = 4; lastKnownFileType = sourcecode.c.objc; path = CQCollectionHController.m; sourceTree = "<group>"; };
		042B271D1E441BF800B5EE6E /* CQCollectionViewCellH.h */ = {isa = PBXFileReference; fileEncoding = 4; lastKnownFileType = sourcecode.c.h; path = CQCollectionViewCellH.h; sourceTree = "<group>"; };
		042B271E1E441BF800B5EE6E /* CQCollectionViewCellH.m */ = {isa = PBXFileReference; fileEncoding = 4; lastKnownFileType = sourcecode.c.objc; path = CQCollectionViewCellH.m; sourceTree = "<group>"; };
		042B271F1E441BF800B5EE6E /* CQCollectionViewCellH.xib */ = {isa = PBXFileReference; fileEncoding = 4; lastKnownFileType = file.xib; path = CQCollectionViewCellH.xib; sourceTree = "<group>"; };
		042B27251E441C1200B5EE6E /* CQCollectionViewAnimation.h */ = {isa = PBXFileReference; fileEncoding = 4; lastKnownFileType = sourcecode.c.h; path = CQCollectionViewAnimation.h; sourceTree = "<group>"; };
		042B27261E441C1200B5EE6E /* CQCollectionViewAnimation.m */ = {isa = PBXFileReference; fileEncoding = 4; lastKnownFileType = sourcecode.c.objc; path = CQCollectionViewAnimation.m; sourceTree = "<group>"; };
		042B27271E441C1200B5EE6E /* CQCollectionViewCell.h */ = {isa = PBXFileReference; fileEncoding = 4; lastKnownFileType = sourcecode.c.h; path = CQCollectionViewCell.h; sourceTree = "<group>"; };
		042B27281E441C1200B5EE6E /* CQCollectionViewCell.m */ = {isa = PBXFileReference; fileEncoding = 4; lastKnownFileType = sourcecode.c.objc; path = CQCollectionViewCell.m; sourceTree = "<group>"; };
		042B27291E441C1200B5EE6E /* CQCollectionViewCell.xib */ = {isa = PBXFileReference; fileEncoding = 4; lastKnownFileType = file.xib; path = CQCollectionViewCell.xib; sourceTree = "<group>"; };
		042B272A1E441C1200B5EE6E /* CQCycleLayout.h */ = {isa = PBXFileReference; fileEncoding = 4; lastKnownFileType = sourcecode.c.h; path = CQCycleLayout.h; sourceTree = "<group>"; };
		042B272B1E441C1200B5EE6E /* CQCycleLayout.m */ = {isa = PBXFileReference; fileEncoding = 4; lastKnownFileType = sourcecode.c.objc; path = CQCycleLayout.m; sourceTree = "<group>"; };
		042B272C1E441C1200B5EE6E /* CQStackLayout.h */ = {isa = PBXFileReference; fileEncoding = 4; lastKnownFileType = sourcecode.c.h; path = CQStackLayout.h; sourceTree = "<group>"; };
		042B272D1E441C1200B5EE6E /* CQStackLayout.m */ = {isa = PBXFileReference; fileEncoding = 4; lastKnownFileType = sourcecode.c.objc; path = CQStackLayout.m; sourceTree = "<group>"; };
		042B27341E441C2A00B5EE6E /* CQWaterfallFlowController.h */ = {isa = PBXFileReference; fileEncoding = 4; lastKnownFileType = sourcecode.c.h; path = CQWaterfallFlowController.h; sourceTree = "<group>"; };
		042B27351E441C2A00B5EE6E /* CQWaterfallFlowController.m */ = {isa = PBXFileReference; fileEncoding = 4; lastKnownFileType = sourcecode.c.objc; path = CQWaterfallFlowController.m; sourceTree = "<group>"; };
		042B27361E441C2A00B5EE6E /* CQWaterfallFlowController.storyboard */ = {isa = PBXFileReference; fileEncoding = 4; lastKnownFileType = file.storyboard; path = CQWaterfallFlowController.storyboard; sourceTree = "<group>"; };
		042B27371E441C2A00B5EE6E /* CQWaterfallFlowCell.h */ = {isa = PBXFileReference; fileEncoding = 4; lastKnownFileType = sourcecode.c.h; path = CQWaterfallFlowCell.h; sourceTree = "<group>"; };
		042B27381E441C2A00B5EE6E /* CQWaterfallFlowCell.m */ = {isa = PBXFileReference; fileEncoding = 4; lastKnownFileType = sourcecode.c.objc; path = CQWaterfallFlowCell.m; sourceTree = "<group>"; };
		042B27391E441C2A00B5EE6E /* CQWaterfallLayout.h */ = {isa = PBXFileReference; fileEncoding = 4; lastKnownFileType = sourcecode.c.h; path = CQWaterfallLayout.h; sourceTree = "<group>"; };
		042B273A1E441C2A00B5EE6E /* CQWaterfallLayout.m */ = {isa = PBXFileReference; fileEncoding = 4; lastKnownFileType = sourcecode.c.objc; path = CQWaterfallLayout.m; sourceTree = "<group>"; };
		042B273F1E441C6E00B5EE6E /* CQCollectionViewController.h */ = {isa = PBXFileReference; fileEncoding = 4; lastKnownFileType = sourcecode.c.h; path = CQCollectionViewController.h; sourceTree = "<group>"; };
		042B27401E441C6E00B5EE6E /* CQCollectionViewController.m */ = {isa = PBXFileReference; fileEncoding = 4; lastKnownFileType = sourcecode.c.objc; path = CQCollectionViewController.m; sourceTree = "<group>"; };
		044232D51E1CDB5E00312752 /* UIImageView+CQBlur.h */ = {isa = PBXFileReference; fileEncoding = 4; lastKnownFileType = sourcecode.c.h; path = "UIImageView+CQBlur.h"; sourceTree = "<group>"; };
		044232D61E1CDB5E00312752 /* UIImageView+CQBlur.m */ = {isa = PBXFileReference; fileEncoding = 4; lastKnownFileType = sourcecode.c.objc; path = "UIImageView+CQBlur.m"; sourceTree = "<group>"; };
		044232D81E1CDB8300312752 /* CQAnimationManager.h */ = {isa = PBXFileReference; fileEncoding = 4; lastKnownFileType = sourcecode.c.h; path = CQAnimationManager.h; sourceTree = "<group>"; };
		044232D91E1CDB8300312752 /* CQAnimationManager.m */ = {isa = PBXFileReference; fileEncoding = 4; lastKnownFileType = sourcecode.c.objc; path = CQAnimationManager.m; sourceTree = "<group>"; };
		04468E1C1E14EF3C002D6942 /* CQVideoModel.h */ = {isa = PBXFileReference; fileEncoding = 4; lastKnownFileType = sourcecode.c.h; path = CQVideoModel.h; sourceTree = "<group>"; };
		04468E1D1E14EF3C002D6942 /* CQVideoModel.m */ = {isa = PBXFileReference; fileEncoding = 4; lastKnownFileType = sourcecode.c.objc; path = CQVideoModel.m; sourceTree = "<group>"; };
		04468E311E150796002D6942 /* PrefixHeader.pch */ = {isa = PBXFileReference; fileEncoding = 4; lastKnownFileType = sourcecode.c.h; path = PrefixHeader.pch; sourceTree = "<group>"; };
		04468E651E150BFF002D6942 /* CQDownloadData.h */ = {isa = PBXFileReference; fileEncoding = 4; lastKnownFileType = sourcecode.c.h; path = CQDownloadData.h; sourceTree = "<group>"; };
		04468E661E150BFF002D6942 /* CQDownloadData.m */ = {isa = PBXFileReference; fileEncoding = 4; lastKnownFileType = sourcecode.c.objc; path = CQDownloadData.m; sourceTree = "<group>"; };
		04468E681E150E7E002D6942 /* CQAFSessionManager.h */ = {isa = PBXFileReference; fileEncoding = 4; lastKnownFileType = sourcecode.c.h; path = CQAFSessionManager.h; sourceTree = "<group>"; };
		04468E691E150E7E002D6942 /* CQAFSessionManager.m */ = {isa = PBXFileReference; fileEncoding = 4; lastKnownFileType = sourcecode.c.objc; path = CQAFSessionManager.m; sourceTree = "<group>"; };
		04468E6B1E150F8C002D6942 /* CQURLHeader.h */ = {isa = PBXFileReference; fileEncoding = 4; lastKnownFileType = sourcecode.c.h; path = CQURLHeader.h; sourceTree = "<group>"; };
		0450CD371E028C3D0080F6F7 /* CQPhoneNumberCell.h */ = {isa = PBXFileReference; fileEncoding = 4; lastKnownFileType = sourcecode.c.h; path = CQPhoneNumberCell.h; sourceTree = "<group>"; };
		0450CD381E028C3D0080F6F7 /* CQPhoneNumberCell.m */ = {isa = PBXFileReference; fileEncoding = 4; lastKnownFileType = sourcecode.c.objc; path = CQPhoneNumberCell.m; sourceTree = "<group>"; };
		0450CD3B1E0298500080F6F7 /* NSString+CQUtil.h */ = {isa = PBXFileReference; fileEncoding = 4; lastKnownFileType = sourcecode.c.h; path = "NSString+CQUtil.h"; sourceTree = "<group>"; };
		0450CD3C1E0298500080F6F7 /* NSString+CQUtil.m */ = {isa = PBXFileReference; fileEncoding = 4; lastKnownFileType = sourcecode.c.objc; path = "NSString+CQUtil.m"; sourceTree = "<group>"; };
		0450CD3E1E029B5F0080F6F7 /* CQContactSorted.h */ = {isa = PBXFileReference; fileEncoding = 4; lastKnownFileType = sourcecode.c.h; path = CQContactSorted.h; sourceTree = "<group>"; };
		0450CD3F1E029B5F0080F6F7 /* CQContactSorted.m */ = {isa = PBXFileReference; fileEncoding = 4; lastKnownFileType = sourcecode.c.objc; path = CQContactSorted.m; sourceTree = "<group>"; };
		0453E6311DFE82E900DD68E1 /* CQMainController.h */ = {isa = PBXFileReference; fileEncoding = 4; lastKnownFileType = sourcecode.c.h; name = CQMainController.h; path = PayedAppsDemo/CQMainController.h; sourceTree = "<group>"; };
		0453E6321DFE82E900DD68E1 /* CQMainController.m */ = {isa = PBXFileReference; fileEncoding = 4; lastKnownFileType = sourcecode.c.objc; name = CQMainController.m; path = PayedAppsDemo/CQMainController.m; sourceTree = "<group>"; };
		0453E6361DFE82FD00DD68E1 /* CQAppsController.h */ = {isa = PBXFileReference; fileEncoding = 4; lastKnownFileType = sourcecode.c.h; name = CQAppsController.h; path = PayedAppsDemo/CQAppsController.h; sourceTree = "<group>"; };
		0453E6371DFE82FD00DD68E1 /* CQAppsController.m */ = {isa = PBXFileReference; fileEncoding = 4; lastKnownFileType = sourcecode.c.objc; name = CQAppsController.m; path = PayedAppsDemo/CQAppsController.m; sourceTree = "<group>"; };
		0453E6381DFE82FD00DD68E1 /* CQAppsFlowLayout.h */ = {isa = PBXFileReference; fileEncoding = 4; lastKnownFileType = sourcecode.c.h; name = CQAppsFlowLayout.h; path = PayedAppsDemo/CQAppsFlowLayout.h; sourceTree = "<group>"; };
		0453E6391DFE82FD00DD68E1 /* CQAppsFlowLayout.m */ = {isa = PBXFileReference; fileEncoding = 4; lastKnownFileType = sourcecode.c.objc; name = CQAppsFlowLayout.m; path = PayedAppsDemo/CQAppsFlowLayout.m; sourceTree = "<group>"; };
		0453E63C1DFE831500DD68E1 /* CQAppsCell.h */ = {isa = PBXFileReference; fileEncoding = 4; lastKnownFileType = sourcecode.c.h; name = CQAppsCell.h; path = PayedAppsDemo/CQAppsCell.h; sourceTree = "<group>"; };
		0453E63D1DFE831500DD68E1 /* CQAppsCell.m */ = {isa = PBXFileReference; fileEncoding = 4; lastKnownFileType = sourcecode.c.objc; name = CQAppsCell.m; path = PayedAppsDemo/CQAppsCell.m; sourceTree = "<group>"; };
		0453E63E1DFE831500DD68E1 /* CQAppsView.h */ = {isa = PBXFileReference; fileEncoding = 4; lastKnownFileType = sourcecode.c.h; name = CQAppsView.h; path = PayedAppsDemo/CQAppsView.h; sourceTree = "<group>"; };
		0453E63F1DFE831500DD68E1 /* CQAppsView.m */ = {isa = PBXFileReference; fileEncoding = 4; lastKnownFileType = sourcecode.c.objc; name = CQAppsView.m; path = PayedAppsDemo/CQAppsView.m; sourceTree = "<group>"; };
		0453E6401DFE831500DD68E1 /* CQFooterView.h */ = {isa = PBXFileReference; fileEncoding = 4; lastKnownFileType = sourcecode.c.h; name = CQFooterView.h; path = PayedAppsDemo/CQFooterView.h; sourceTree = "<group>"; };
		0453E6411DFE831500DD68E1 /* CQFooterView.m */ = {isa = PBXFileReference; fileEncoding = 4; lastKnownFileType = sourcecode.c.objc; name = CQFooterView.m; path = PayedAppsDemo/CQFooterView.m; sourceTree = "<group>"; };
		0453E6421DFE831500DD68E1 /* CQHeaderView.h */ = {isa = PBXFileReference; fileEncoding = 4; lastKnownFileType = sourcecode.c.h; name = CQHeaderView.h; path = PayedAppsDemo/CQHeaderView.h; sourceTree = "<group>"; };
		0453E6431DFE831500DD68E1 /* CQHeaderView.m */ = {isa = PBXFileReference; fileEncoding = 4; lastKnownFileType = sourcecode.c.objc; name = CQHeaderView.m; path = PayedAppsDemo/CQHeaderView.m; sourceTree = "<group>"; };
		0453E6481DFE832A00DD68E1 /* CQAppsDataManager.h */ = {isa = PBXFileReference; fileEncoding = 4; lastKnownFileType = sourcecode.c.h; name = CQAppsDataManager.h; path = PayedAppsDemo/CQAppsDataManager.h; sourceTree = "<group>"; };
		0453E6491DFE832A00DD68E1 /* CQAppsDataManager.m */ = {isa = PBXFileReference; fileEncoding = 4; lastKnownFileType = sourcecode.c.objc; name = CQAppsDataManager.m; path = PayedAppsDemo/CQAppsDataManager.m; sourceTree = "<group>"; };
		0453E64A1DFE832A00DD68E1 /* CQAppsModel.h */ = {isa = PBXFileReference; fileEncoding = 4; lastKnownFileType = sourcecode.c.h; name = CQAppsModel.h; path = PayedAppsDemo/CQAppsModel.h; sourceTree = "<group>"; };
		0453E64B1DFE832A00DD68E1 /* CQAppsModel.m */ = {isa = PBXFileReference; fileEncoding = 4; lastKnownFileType = sourcecode.c.objc; name = CQAppsModel.m; path = PayedAppsDemo/CQAppsModel.m; sourceTree = "<group>"; };
		0453E64F1DFE836300DD68E1 /* CQDynamicViewController.h */ = {isa = PBXFileReference; fileEncoding = 4; lastKnownFileType = sourcecode.c.h; path = CQDynamicViewController.h; sourceTree = "<group>"; };
		0453E6501DFE836300DD68E1 /* CQDynamicViewController.m */ = {isa = PBXFileReference; fileEncoding = 4; lastKnownFileType = sourcecode.c.objc; path = CQDynamicViewController.m; sourceTree = "<group>"; };
		0453E6531DFE83B700DD68E1 /* Base */ = {isa = PBXFileReference; lastKnownFileType = file.storyboard; name = Base; path = Base.lproj/CQMainController.storyboard; sourceTree = "<group>"; };
		047B78D31E232B2400CAD6D5 /* CQPlayerManager.h */ = {isa = PBXFileReference; fileEncoding = 4; lastKnownFileType = sourcecode.c.h; path = CQPlayerManager.h; sourceTree = "<group>"; };
		047B78D41E232B2400CAD6D5 /* CQPlayerManager.m */ = {isa = PBXFileReference; fileEncoding = 4; lastKnownFileType = sourcecode.c.objc; path = CQPlayerManager.m; sourceTree = "<group>"; };
		048103061DF9065B00FE7C0F /* CQPayedDemo.app */ = {isa = PBXFileReference; explicitFileType = wrapper.application; includeInIndex = 0; path = CQPayedDemo.app; sourceTree = BUILT_PRODUCTS_DIR; };
		0481030A1DF9065C00FE7C0F /* main.m */ = {isa = PBXFileReference; lastKnownFileType = sourcecode.c.objc; path = main.m; sourceTree = "<group>"; };
		0481030C1DF9065C00FE7C0F /* CQAppDelegate.h */ = {isa = PBXFileReference; lastKnownFileType = sourcecode.c.h; path = CQAppDelegate.h; sourceTree = "<group>"; };
		0481030D1DF9065C00FE7C0F /* CQAppDelegate.m */ = {isa = PBXFileReference; lastKnownFileType = sourcecode.c.objc; path = CQAppDelegate.m; sourceTree = "<group>"; };
		048103151DF9065C00FE7C0F /* Assets.xcassets */ = {isa = PBXFileReference; lastKnownFileType = folder.assetcatalog; path = Assets.xcassets; sourceTree = "<group>"; };
		048103181DF9065C00FE7C0F /* Base */ = {isa = PBXFileReference; lastKnownFileType = file.storyboard; name = Base; path = Base.lproj/CQLaunchScreen.storyboard; sourceTree = "<group>"; };
		0481031A1DF9065C00FE7C0F /* Info.plist */ = {isa = PBXFileReference; lastKnownFileType = text.plist.xml; path = Info.plist; sourceTree = "<group>"; };
		0481031F1DF9065C00FE7C0F /* CQPayedDemoTests.xctest */ = {isa = PBXFileReference; explicitFileType = wrapper.cfbundle; includeInIndex = 0; path = CQPayedDemoTests.xctest; sourceTree = BUILT_PRODUCTS_DIR; };
		048103231DF9065C00FE7C0F /* CQPayedDemoTests.m */ = {isa = PBXFileReference; lastKnownFileType = sourcecode.c.objc; path = CQPayedDemoTests.m; sourceTree = "<group>"; };
		0481032A1DF9065C00FE7C0F /* CQPayedDemoUITests.xctest */ = {isa = PBXFileReference; explicitFileType = wrapper.cfbundle; includeInIndex = 0; path = CQPayedDemoUITests.xctest; sourceTree = BUILT_PRODUCTS_DIR; };
		0481032E1DF9065C00FE7C0F /* CQPayedDemoUITests.m */ = {isa = PBXFileReference; lastKnownFileType = sourcecode.c.objc; path = CQPayedDemoUITests.m; sourceTree = "<group>"; };
		048103301DF9065C00FE7C0F /* Info.plist */ = {isa = PBXFileReference; lastKnownFileType = text.plist.xml; path = Info.plist; sourceTree = "<group>"; };
		0481035A1DF94BCC00FE7C0F /* CQHeader.h */ = {isa = PBXFileReference; fileEncoding = 4; lastKnownFileType = sourcecode.c.h; path = CQHeader.h; sourceTree = "<group>"; };
		0481035B1DF94BCC00FE7C0F /* CQHeader.m */ = {isa = PBXFileReference; fileEncoding = 4; lastKnownFileType = sourcecode.c.objc; path = CQHeader.m; sourceTree = "<group>"; };
		048F89661E08D09300BD7485 /* CQPlayerController.h */ = {isa = PBXFileReference; fileEncoding = 4; lastKnownFileType = sourcecode.c.h; path = CQPlayerController.h; sourceTree = "<group>"; };
		048F89671E08D09300BD7485 /* CQPlayerController.m */ = {isa = PBXFileReference; fileEncoding = 4; lastKnownFileType = sourcecode.c.objc; path = CQPlayerController.m; sourceTree = "<group>"; };
		048F896D1E08D1B400BD7485 /* CQPlayerView.h */ = {isa = PBXFileReference; fileEncoding = 4; lastKnownFileType = sourcecode.c.h; path = CQPlayerView.h; sourceTree = "<group>"; };
		048F896E1E08D1B400BD7485 /* CQPlayerView.m */ = {isa = PBXFileReference; fileEncoding = 4; lastKnownFileType = sourcecode.c.objc; path = CQPlayerView.m; sourceTree = "<group>"; };
		048F89701E08D1E300BD7485 /* CQPlayerController.storyboard */ = {isa = PBXFileReference; fileEncoding = 4; lastKnownFileType = file.storyboard; path = CQPlayerController.storyboard; sourceTree = "<group>"; };
		048F89721E08E15300BD7485 /* CQTopView.h */ = {isa = PBXFileReference; fileEncoding = 4; lastKnownFileType = sourcecode.c.h; path = CQTopView.h; sourceTree = "<group>"; };
		048F89731E08E15300BD7485 /* CQTopView.m */ = {isa = PBXFileReference; fileEncoding = 4; lastKnownFileType = sourcecode.c.objc; path = CQTopView.m; sourceTree = "<group>"; };
		048F89751E08E15F00BD7485 /* CQBottomView.h */ = {isa = PBXFileReference; fileEncoding = 4; lastKnownFileType = sourcecode.c.h; path = CQBottomView.h; sourceTree = "<group>"; };
		048F89761E08E15F00BD7485 /* CQBottomView.m */ = {isa = PBXFileReference; fileEncoding = 4; lastKnownFileType = sourcecode.c.objc; path = CQBottomView.m; sourceTree = "<group>"; };
		04A341451E014702006D1AF3 /* CQDynamicViewController.storyboard */ = {isa = PBXFileReference; fileEncoding = 4; lastKnownFileType = file.storyboard; path = CQDynamicViewController.storyboard; sourceTree = "<group>"; };
		04A341471E01472B006D1AF3 /* CQAppsController.storyboard */ = {isa = PBXFileReference; fileEncoding = 4; lastKnownFileType = file.storyboard; path = CQAppsController.storyboard; sourceTree = "<group>"; };
		04A3414C1E014BDA006D1AF3 /* CQDynamicMenueView.h */ = {isa = PBXFileReference; fileEncoding = 4; lastKnownFileType = sourcecode.c.h; path = CQDynamicMenueView.h; sourceTree = "<group>"; };
		04A3414D1E014BDA006D1AF3 /* CQDynamicMenueView.m */ = {isa = PBXFileReference; fileEncoding = 4; lastKnownFileType = sourcecode.c.objc; path = CQDynamicMenueView.m; sourceTree = "<group>"; };
		04A4EFF81E07A88D001596B2 /* AppDataList.plist */ = {isa = PBXFileReference; fileEncoding = 4; lastKnownFileType = text.plist.xml; path = AppDataList.plist; sourceTree = "<group>"; };
		04A4EFFA1E07B29D001596B2 /* CQCoreTextController.h */ = {isa = PBXFileReference; fileEncoding = 4; lastKnownFileType = sourcecode.c.h; path = CQCoreTextController.h; sourceTree = "<group>"; };
		04A4EFFB1E07B29D001596B2 /* CQCoreTextController.m */ = {isa = PBXFileReference; fileEncoding = 4; lastKnownFileType = sourcecode.c.objc; path = CQCoreTextController.m; sourceTree = "<group>"; };
		04A4EFFD1E07B2B4001596B2 /* CQCoreTextController.storyboard */ = {isa = PBXFileReference; fileEncoding = 4; lastKnownFileType = file.storyboard; path = CQCoreTextController.storyboard; sourceTree = "<group>"; };
		04A4F0021E07B3B9001596B2 /* CQDisplayView.h */ = {isa = PBXFileReference; fileEncoding = 4; lastKnownFileType = sourcecode.c.h; path = CQDisplayView.h; sourceTree = "<group>"; };
		04A4F0031E07B3B9001596B2 /* CQDisplayView.m */ = {isa = PBXFileReference; fileEncoding = 4; lastKnownFileType = sourcecode.c.objc; path = CQDisplayView.m; sourceTree = "<group>"; };
		04A4F0061E07B3EC001596B2 /* CQMagnifierView.h */ = {isa = PBXFileReference; fileEncoding = 4; lastKnownFileType = sourcecode.c.h; path = CQMagnifierView.h; sourceTree = "<group>"; };
		04A4F0071E07B3EC001596B2 /* CQMagnifierView.m */ = {isa = PBXFileReference; fileEncoding = 4; lastKnownFileType = sourcecode.c.objc; path = CQMagnifierView.m; sourceTree = "<group>"; };
		04A4F0091E07B40F001596B2 /* CQCoreTextUtils.h */ = {isa = PBXFileReference; fileEncoding = 4; lastKnownFileType = sourcecode.c.h; path = CQCoreTextUtils.h; sourceTree = "<group>"; };
		04A4F00A1E07B40F001596B2 /* CQCoreTextUtils.m */ = {isa = PBXFileReference; fileEncoding = 4; lastKnownFileType = sourcecode.c.objc; path = CQCoreTextUtils.m; sourceTree = "<group>"; };
		04A4F00B1E07B40F001596B2 /* UIImage+CQExtra.h */ = {isa = PBXFileReference; fileEncoding = 4; lastKnownFileType = sourcecode.c.h; path = "UIImage+CQExtra.h"; sourceTree = "<group>"; };
		04A4F00C1E07B40F001596B2 /* UIImage+CQExtra.m */ = {isa = PBXFileReference; fileEncoding = 4; lastKnownFileType = sourcecode.c.objc; path = "UIImage+CQExtra.m"; sourceTree = "<group>"; };
		04A4F00F1E07B431001596B2 /* CQCoreTextImageData.h */ = {isa = PBXFileReference; fileEncoding = 4; lastKnownFileType = sourcecode.c.h; path = CQCoreTextImageData.h; sourceTree = "<group>"; };
		04A4F0101E07B431001596B2 /* CQCoreTextImageData.m */ = {isa = PBXFileReference; fileEncoding = 4; lastKnownFileType = sourcecode.c.objc; path = CQCoreTextImageData.m; sourceTree = "<group>"; };
		04A4F0111E07B431001596B2 /* CQCoreTextLinkData.h */ = {isa = PBXFileReference; fileEncoding = 4; lastKnownFileType = sourcecode.c.h; path = CQCoreTextLinkData.h; sourceTree = "<group>"; };
		04A4F0121E07B431001596B2 /* CQCoreTextLinkData.m */ = {isa = PBXFileReference; fileEncoding = 4; lastKnownFileType = sourcecode.c.objc; path = CQCoreTextLinkData.m; sourceTree = "<group>"; };
		04A4F0151E07B450001596B2 /* CQCTFrameParser.h */ = {isa = PBXFileReference; fileEncoding = 4; lastKnownFileType = sourcecode.c.h; path = CQCTFrameParser.h; sourceTree = "<group>"; };
		04A4F0161E07B450001596B2 /* CQCTFrameParser.m */ = {isa = PBXFileReference; fileEncoding = 4; lastKnownFileType = sourcecode.c.objc; path = CQCTFrameParser.m; sourceTree = "<group>"; };
		04A4F0181E07B472001596B2 /* CQCoreTextData.h */ = {isa = PBXFileReference; fileEncoding = 4; lastKnownFileType = sourcecode.c.h; path = CQCoreTextData.h; sourceTree = "<group>"; };
		04A4F0191E07B472001596B2 /* CQCoreTextData.m */ = {isa = PBXFileReference; fileEncoding = 4; lastKnownFileType = sourcecode.c.objc; path = CQCoreTextData.m; sourceTree = "<group>"; };
		04A4F01B1E07B491001596B2 /* CQCTFrameParserConfig.h */ = {isa = PBXFileReference; fileEncoding = 4; lastKnownFileType = sourcecode.c.h; path = CQCTFrameParserConfig.h; sourceTree = "<group>"; };
		04A4F01C1E07B491001596B2 /* CQCTFrameParserConfig.m */ = {isa = PBXFileReference; fileEncoding = 4; lastKnownFileType = sourcecode.c.objc; path = CQCTFrameParserConfig.m; sourceTree = "<group>"; };
		04A4F01E1E07B4A1001596B2 /* TempData.plist */ = {isa = PBXFileReference; fileEncoding = 4; lastKnownFileType = text.plist.xml; path = TempData.plist; sourceTree = "<group>"; };
		04A4F0201E07B4B4001596B2 /* CQWebViewController.h */ = {isa = PBXFileReference; fileEncoding = 4; lastKnownFileType = sourcecode.c.h; path = CQWebViewController.h; sourceTree = "<group>"; };
		04A4F0211E07B4B4001596B2 /* CQWebViewController.m */ = {isa = PBXFileReference; fileEncoding = 4; lastKnownFileType = sourcecode.c.objc; path = CQWebViewController.m; sourceTree = "<group>"; };
		04A4F0231E07B5F2001596B2 /* default_imgAbout.jpg */ = {isa = PBXFileReference; lastKnownFileType = image.jpeg; path = default_imgAbout.jpg; sourceTree = "<group>"; };
		04A4F0251E07D59D001596B2 /* CQBigImageView.h */ = {isa = PBXFileReference; fileEncoding = 4; lastKnownFileType = sourcecode.c.h; path = CQBigImageView.h; sourceTree = "<group>"; };
		04A4F0261E07D59D001596B2 /* CQBigImageView.m */ = {isa = PBXFileReference; fileEncoding = 4; lastKnownFileType = sourcecode.c.objc; path = CQBigImageView.m; sourceTree = "<group>"; };
		04D89E1E1E1DFB2E00870A26 /* CQTableViewCell.h */ = {isa = PBXFileReference; fileEncoding = 4; lastKnownFileType = sourcecode.c.h; path = CQTableViewCell.h; sourceTree = "<group>"; };
		04D89E1F1E1DFB2E00870A26 /* CQTableViewCell.m */ = {isa = PBXFileReference; fileEncoding = 4; lastKnownFileType = sourcecode.c.objc; path = CQTableViewCell.m; sourceTree = "<group>"; };
		04D89E201E1DFB2E00870A26 /* CQTableViewCell.xib */ = {isa = PBXFileReference; fileEncoding = 4; lastKnownFileType = file.xib; path = CQTableViewCell.xib; sourceTree = "<group>"; };
		04D89E231E1DFB6000870A26 /* CQRecommendController.h */ = {isa = PBXFileReference; fileEncoding = 4; lastKnownFileType = sourcecode.c.h; path = CQRecommendController.h; sourceTree = "<group>"; };
		04D89E241E1DFB6000870A26 /* CQRecommendController.m */ = {isa = PBXFileReference; fileEncoding = 4; lastKnownFileType = sourcecode.c.objc; path = CQRecommendController.m; sourceTree = "<group>"; };
		04D89E251E1DFB6000870A26 /* CQRecommendController.storyboard */ = {isa = PBXFileReference; fileEncoding = 4; lastKnownFileType = file.storyboard; path = CQRecommendController.storyboard; sourceTree = "<group>"; };
		04D89E291E1DFBC400870A26 /* CQMajorController.h */ = {isa = PBXFileReference; fileEncoding = 4; lastKnownFileType = sourcecode.c.h; path = CQMajorController.h; sourceTree = "<group>"; };
		04D89E2A1E1DFBC400870A26 /* CQMajorController.m */ = {isa = PBXFileReference; fileEncoding = 4; lastKnownFileType = sourcecode.c.objc; path = CQMajorController.m; sourceTree = "<group>"; };
		04D89E2B1E1DFBC400870A26 /* CQMajorController.storyboard */ = {isa = PBXFileReference; fileEncoding = 4; lastKnownFileType = file.storyboard; path = CQMajorController.storyboard; sourceTree = "<group>"; };
		04D89E321E1DFC8300870A26 /* CQVideoController.h */ = {isa = PBXFileReference; fileEncoding = 4; lastKnownFileType = sourcecode.c.h; name = CQVideoController.h; path = Main/CQVideoController.h; sourceTree = "<group>"; };
		04D89E331E1DFC8300870A26 /* CQVideoController.m */ = {isa = PBXFileReference; fileEncoding = 4; lastKnownFileType = sourcecode.c.objc; name = CQVideoController.m; path = Main/CQVideoController.m; sourceTree = "<group>"; };
		04D89E341E1DFC8300870A26 /* CQVideoController.storyboard */ = {isa = PBXFileReference; fileEncoding = 4; lastKnownFileType = file.storyboard; name = CQVideoController.storyboard; path = Main/CQVideoController.storyboard; sourceTree = "<group>"; };
		04D89E371E1DFC8F00870A26 /* CQMusicBarController.h */ = {isa = PBXFileReference; fileEncoding = 4; lastKnownFileType = sourcecode.c.h; name = CQMusicBarController.h; path = Main/CQMusicBarController.h; sourceTree = "<group>"; };
		04D89E381E1DFC8F00870A26 /* CQMusicBarController.m */ = {isa = PBXFileReference; fileEncoding = 4; lastKnownFileType = sourcecode.c.objc; name = CQMusicBarController.m; path = Main/CQMusicBarController.m; sourceTree = "<group>"; };
		04D89E391E1DFC8F00870A26 /* CQMusicBarController.storyboard */ = {isa = PBXFileReference; fileEncoding = 4; lastKnownFileType = file.storyboard; name = CQMusicBarController.storyboard; path = Main/CQMusicBarController.storyboard; sourceTree = "<group>"; };
		04D89E3A1E1DFC8F00870A26 /* CQNavigationController.h */ = {isa = PBXFileReference; fileEncoding = 4; lastKnownFileType = sourcecode.c.h; name = CQNavigationController.h; path = Main/CQNavigationController.h; sourceTree = "<group>"; };
		04D89E3B1E1DFC8F00870A26 /* CQNavigationController.m */ = {isa = PBXFileReference; fileEncoding = 4; lastKnownFileType = sourcecode.c.objc; name = CQNavigationController.m; path = Main/CQNavigationController.m; sourceTree = "<group>"; };
		04D89E3F1E1DFC9E00870A26 /* CQButton.h */ = {isa = PBXFileReference; fileEncoding = 4; lastKnownFileType = sourcecode.c.h; name = CQButton.h; path = Main/CQButton.h; sourceTree = "<group>"; };
		04D89E401E1DFC9E00870A26 /* CQButton.m */ = {isa = PBXFileReference; fileEncoding = 4; lastKnownFileType = sourcecode.c.objc; name = CQButton.m; path = Main/CQButton.m; sourceTree = "<group>"; };
		04D89E411E1DFC9E00870A26 /* CQTabBar.h */ = {isa = PBXFileReference; fileEncoding = 4; lastKnownFileType = sourcecode.c.h; name = CQTabBar.h; path = Main/CQTabBar.h; sourceTree = "<group>"; };
		04D89E421E1DFC9E00870A26 /* CQTabBar.m */ = {isa = PBXFileReference; fileEncoding = 4; lastKnownFileType = sourcecode.c.objc; name = CQTabBar.m; path = Main/CQTabBar.m; sourceTree = "<group>"; };
		04D89E451E1DFCAD00870A26 /* CQBaseLayoutModel.h */ = {isa = PBXFileReference; fileEncoding = 4; lastKnownFileType = sourcecode.c.h; name = CQBaseLayoutModel.h; path = Main/CQBaseLayoutModel.h; sourceTree = "<group>"; };
		04D89E461E1DFCAD00870A26 /* CQBaseLayoutModel.m */ = {isa = PBXFileReference; fileEncoding = 4; lastKnownFileType = sourcecode.c.objc; name = CQBaseLayoutModel.m; path = Main/CQBaseLayoutModel.m; sourceTree = "<group>"; };
		04D89E471E1DFCAD00870A26 /* CQBaseModel.h */ = {isa = PBXFileReference; fileEncoding = 4; lastKnownFileType = sourcecode.c.h; name = CQBaseModel.h; path = Main/CQBaseModel.h; sourceTree = "<group>"; };
		04D89E481E1DFCAD00870A26 /* CQBaseModel.m */ = {isa = PBXFileReference; fileEncoding = 4; lastKnownFileType = sourcecode.c.objc; name = CQBaseModel.m; path = Main/CQBaseModel.m; sourceTree = "<group>"; };
		04D89E4B1E1DFCCE00870A26 /* CQContentLayoutModel.h */ = {isa = PBXFileReference; fileEncoding = 4; lastKnownFileType = sourcecode.c.h; name = CQContentLayoutModel.h; path = Main/CQContentLayoutModel.h; sourceTree = "<group>"; };
		04D89E4C1E1DFCCE00870A26 /* CQContentLayoutModel.m */ = {isa = PBXFileReference; fileEncoding = 4; lastKnownFileType = sourcecode.c.objc; name = CQContentLayoutModel.m; path = Main/CQContentLayoutModel.m; sourceTree = "<group>"; };
		04D89E4D1E1DFCCE00870A26 /* CQContentModel.h */ = {isa = PBXFileReference; fileEncoding = 4; lastKnownFileType = sourcecode.c.h; name = CQContentModel.h; path = Main/CQContentModel.h; sourceTree = "<group>"; };
		04D89E4E1E1DFCCE00870A26 /* CQContentModel.m */ = {isa = PBXFileReference; fileEncoding = 4; lastKnownFileType = sourcecode.c.objc; name = CQContentModel.m; path = Main/CQContentModel.m; sourceTree = "<group>"; };
		04D89E511E1E0CF300870A26 /* CQSongListController.h */ = {isa = PBXFileReference; fileEncoding = 4; lastKnownFileType = sourcecode.c.h; path = CQSongListController.h; sourceTree = "<group>"; };
		04D89E521E1E0CF300870A26 /* CQSongListController.m */ = {isa = PBXFileReference; fileEncoding = 4; lastKnownFileType = sourcecode.c.objc; path = CQSongListController.m; sourceTree = "<group>"; };
		04D89E541E1E0D1400870A26 /* CQSongListController.storyboard */ = {isa = PBXFileReference; fileEncoding = 4; lastKnownFileType = file.storyboard; path = CQSongListController.storyboard; sourceTree = "<group>"; };
		04D89E561E1E0E3500870A26 /* CQSongCell.h */ = {isa = PBXFileReference; fileEncoding = 4; lastKnownFileType = sourcecode.c.h; path = CQSongCell.h; sourceTree = "<group>"; };
		04D89E571E1E0E3500870A26 /* CQSongCell.m */ = {isa = PBXFileReference; fileEncoding = 4; lastKnownFileType = sourcecode.c.objc; path = CQSongCell.m; sourceTree = "<group>"; };
		04D89E591E1E15FF00870A26 /* CQSongListHeadView.h */ = {isa = PBXFileReference; fileEncoding = 4; lastKnownFileType = sourcecode.c.h; path = CQSongListHeadView.h; sourceTree = "<group>"; };
		04D89E5A1E1E15FF00870A26 /* CQSongListHeadView.m */ = {isa = PBXFileReference; fileEncoding = 4; lastKnownFileType = sourcecode.c.objc; path = CQSongListHeadView.m; sourceTree = "<group>"; };
		04D89E5C1E1E30F800870A26 /* CQSongModel.h */ = {isa = PBXFileReference; fileEncoding = 4; lastKnownFileType = sourcecode.c.h; path = CQSongModel.h; sourceTree = "<group>"; };
		04D89E5D1E1E30F800870A26 /* CQSongModel.m */ = {isa = PBXFileReference; fileEncoding = 4; lastKnownFileType = sourcecode.c.objc; path = CQSongModel.m; sourceTree = "<group>"; };
		04D89E5F1E1E313E00870A26 /* CQSongLayoutModel.h */ = {isa = PBXFileReference; fileEncoding = 4; lastKnownFileType = sourcecode.c.h; path = CQSongLayoutModel.h; sourceTree = "<group>"; };
		04D89E601E1E313E00870A26 /* CQSongLayoutModel.m */ = {isa = PBXFileReference; fileEncoding = 4; lastKnownFileType = sourcecode.c.objc; path = CQSongLayoutModel.m; sourceTree = "<group>"; };
		04E2DFBC1E1BA1B40016D81C /* backGroundImage.png */ = {isa = PBXFileReference; lastKnownFileType = image.png; path = backGroundImage.png; sourceTree = "<group>"; };
		04EBCFAE1E1F787B00D50729 /* CQCenterView.h */ = {isa = PBXFileReference; fileEncoding = 4; lastKnownFileType = sourcecode.c.h; path = CQCenterView.h; sourceTree = "<group>"; };
		04EBCFAF1E1F787B00D50729 /* CQCenterView.m */ = {isa = PBXFileReference; fileEncoding = 4; lastKnownFileType = sourcecode.c.objc; path = CQCenterView.m; sourceTree = "<group>"; };
		04F875BD1E03931900D25907 /* UIView+Frame.h */ = {isa = PBXFileReference; fileEncoding = 4; lastKnownFileType = sourcecode.c.h; path = "UIView+Frame.h"; sourceTree = "<group>"; };
		04F875BE1E03931900D25907 /* UIView+Frame.m */ = {isa = PBXFileReference; fileEncoding = 4; lastKnownFileType = sourcecode.c.objc; path = "UIView+Frame.m"; sourceTree = "<group>"; };
		04F875C01E03E5B000D25907 /* CQPhoneHeaderView.h */ = {isa = PBXFileReference; fileEncoding = 4; lastKnownFileType = sourcecode.c.h; path = CQPhoneHeaderView.h; sourceTree = "<group>"; };
		04F875C11E03E5B000D25907 /* CQPhoneHeaderView.m */ = {isa = PBXFileReference; fileEncoding = 4; lastKnownFileType = sourcecode.c.objc; path = CQPhoneHeaderView.m; sourceTree = "<group>"; };
		1591E47FC17EF5AB4A7AA418 /* libPods-CQPayedDemo.a */ = {isa = PBXFileReference; explicitFileType = archive.ar; includeInIndex = 0; path = "libPods-CQPayedDemo.a"; sourceTree = BUILT_PRODUCTS_DIR; };
		8D29177CD856F5B1BB9199C9 /* Pods-CQPayedDemo.release.xcconfig */ = {isa = PBXFileReference; includeInIndex = 1; lastKnownFileType = text.xcconfig; name = "Pods-CQPayedDemo.release.xcconfig"; path = "Pods/Target Support Files/Pods-CQPayedDemo/Pods-CQPayedDemo.release.xcconfig"; sourceTree = "<group>"; };
		DAE9B1454CC1775B89BF801A /* Pods-CQPayedDemo.debug.xcconfig */ = {isa = PBXFileReference; includeInIndex = 1; lastKnownFileType = text.xcconfig; name = "Pods-CQPayedDemo.debug.xcconfig"; path = "Pods/Target Support Files/Pods-CQPayedDemo/Pods-CQPayedDemo.debug.xcconfig"; sourceTree = "<group>"; };
/* End PBXFileReference section */

/* Begin PBXFrameworksBuildPhase section */
		048103031DF9065B00FE7C0F /* Frameworks */ = {
			isa = PBXFrameworksBuildPhase;
			buildActionMask = 2147483647;
			files = (
				A974070AE76F1655FF2CA8D5 /* libPods-CQPayedDemo.a in Frameworks */,
			);
			runOnlyForDeploymentPostprocessing = 0;
		};
		0481031C1DF9065C00FE7C0F /* Frameworks */ = {
			isa = PBXFrameworksBuildPhase;
			buildActionMask = 2147483647;
			files = (
			);
			runOnlyForDeploymentPostprocessing = 0;
		};
		048103271DF9065C00FE7C0F /* Frameworks */ = {
			isa = PBXFrameworksBuildPhase;
			buildActionMask = 2147483647;
			files = (
			);
			runOnlyForDeploymentPostprocessing = 0;
		};
/* End PBXFrameworksBuildPhase section */

/* Begin PBXGroup section */
		04061C741E0244FC008F65AC /* PhoneNum */ = {
			isa = PBXGroup;
			children = (
				0450CD3A1E02982E0080F6F7 /* Other */,
				04061C7A1E0246C9008F65AC /* Controller */,
				04061C7B1E0246DC008F65AC /* Views */,
				04061C7C1E0246E8008F65AC /* Model */,
			);
			path = PhoneNum;
			sourceTree = "<group>";
		};
		04061C7A1E0246C9008F65AC /* Controller */ = {
			isa = PBXGroup;
			children = (
				04061C751E02452C008F65AC /* CQPhoneNumController.h */,
				04061C761E02452C008F65AC /* CQPhoneNumController.m */,
				04061C781E02453C008F65AC /* CQPhoneNumController.storyboard */,
			);
			name = Controller;
			sourceTree = "<group>";
		};
		04061C7B1E0246DC008F65AC /* Views */ = {
			isa = PBXGroup;
			children = (
				0450CD371E028C3D0080F6F7 /* CQPhoneNumberCell.h */,
				0450CD381E028C3D0080F6F7 /* CQPhoneNumberCell.m */,
				04F875C01E03E5B000D25907 /* CQPhoneHeaderView.h */,
				04F875C11E03E5B000D25907 /* CQPhoneHeaderView.m */,
			);
			name = Views;
			sourceTree = "<group>";
		};
		04061C7C1E0246E8008F65AC /* Model */ = {
			isa = PBXGroup;
			children = (
				04061C7D1E02640E008F65AC /* CQLoadPhoneNumber.h */,
				04061C7E1E02640E008F65AC /* CQLoadPhoneNumber.m */,
				04061C801E026F82008F65AC /* CQPhoneNumModel.h */,
				04061C811E026F82008F65AC /* CQPhoneNumModel.m */,
			);
			name = Model;
			sourceTree = "<group>";
		};
		04136EDA1E138BEF00580967 /* Music */ = {
			isa = PBXGroup;
			children = (
				04D89E311E1DFC2D00870A26 /* Main */,
				04D89E281E1DFBA000870A26 /* Major */,
				04D89E191E1DF99E00870A26 /* RecommendMusic */,
			);
			path = Music;
			sourceTree = "<group>";
		};
		042B27171E441BA200B5EE6E /* CollectionView */ = {
			isa = PBXGroup;
			children = (
				042B27331E441C1F00B5EE6E /* CQWaterfallFlow */,
				042B27241E441C0100B5EE6E /* CQCollectionViewLayout */,
				042B27181E441BD900B5EE6E /* CQCollectionViewH */,
				042B273F1E441C6E00B5EE6E /* CQCollectionViewController.h */,
				042B27401E441C6E00B5EE6E /* CQCollectionViewController.m */,
			);
			path = CollectionView;
			sourceTree = "<group>";
		};
		042B27181E441BD900B5EE6E /* CQCollectionViewH */ = {
			isa = PBXGroup;
			children = (
				042B27191E441BF800B5EE6E /* CQCellHFlowLayout.h */,
				042B271A1E441BF800B5EE6E /* CQCellHFlowLayout.m */,
				042B271B1E441BF800B5EE6E /* CQCollectionHController.h */,
				042B271C1E441BF800B5EE6E /* CQCollectionHController.m */,
				042B271D1E441BF800B5EE6E /* CQCollectionViewCellH.h */,
				042B271E1E441BF800B5EE6E /* CQCollectionViewCellH.m */,
				042B271F1E441BF800B5EE6E /* CQCollectionViewCellH.xib */,
			);
			name = CQCollectionViewH;
			sourceTree = "<group>";
		};
		042B27241E441C0100B5EE6E /* CQCollectionViewLayout */ = {
			isa = PBXGroup;
			children = (
				042B27251E441C1200B5EE6E /* CQCollectionViewAnimation.h */,
				042B27261E441C1200B5EE6E /* CQCollectionViewAnimation.m */,
				042B27271E441C1200B5EE6E /* CQCollectionViewCell.h */,
				042B27281E441C1200B5EE6E /* CQCollectionViewCell.m */,
				042B27291E441C1200B5EE6E /* CQCollectionViewCell.xib */,
				042B272A1E441C1200B5EE6E /* CQCycleLayout.h */,
				042B272B1E441C1200B5EE6E /* CQCycleLayout.m */,
				042B272C1E441C1200B5EE6E /* CQStackLayout.h */,
				042B272D1E441C1200B5EE6E /* CQStackLayout.m */,
			);
			name = CQCollectionViewLayout;
			sourceTree = "<group>";
		};
		042B27331E441C1F00B5EE6E /* CQWaterfallFlow */ = {
			isa = PBXGroup;
			children = (
				042B27341E441C2A00B5EE6E /* CQWaterfallFlowController.h */,
				042B27351E441C2A00B5EE6E /* CQWaterfallFlowController.m */,
				042B27361E441C2A00B5EE6E /* CQWaterfallFlowController.storyboard */,
				042B27371E441C2A00B5EE6E /* CQWaterfallFlowCell.h */,
				042B27381E441C2A00B5EE6E /* CQWaterfallFlowCell.m */,
				042B27391E441C2A00B5EE6E /* CQWaterfallLayout.h */,
				042B273A1E441C2A00B5EE6E /* CQWaterfallLayout.m */,
			);
			name = CQWaterfallFlow;
			sourceTree = "<group>";
		};
		04468E1F1E14FB8D002D6942 /* Controller */ = {
			isa = PBXGroup;
			children = (
				04D89E371E1DFC8F00870A26 /* CQMusicBarController.h */,
				04D89E381E1DFC8F00870A26 /* CQMusicBarController.m */,
				04D89E391E1DFC8F00870A26 /* CQMusicBarController.storyboard */,
				04D89E3A1E1DFC8F00870A26 /* CQNavigationController.h */,
				04D89E3B1E1DFC8F00870A26 /* CQNavigationController.m */,
				04D89E321E1DFC8300870A26 /* CQVideoController.h */,
				04D89E331E1DFC8300870A26 /* CQVideoController.m */,
				04D89E341E1DFC8300870A26 /* CQVideoController.storyboard */,
			);
			name = Controller;
			path = ..;
			sourceTree = "<group>";
		};
		04468E201E14FBA2002D6942 /* Model */ = {
			isa = PBXGroup;
			children = (
				048D53621E164A2600A2588F /* LayoutModel */,
				048D53611E164A0F00A2588F /* DataModel */,
			);
			name = Model;
			path = ..;
			sourceTree = "<group>";
		};
		04468E211E14FBAB002D6942 /* Views */ = {
			isa = PBXGroup;
			children = (
				04D89E3F1E1DFC9E00870A26 /* CQButton.h */,
				04D89E401E1DFC9E00870A26 /* CQButton.m */,
				04D89E411E1DFC9E00870A26 /* CQTabBar.h */,
				04D89E421E1DFC9E00870A26 /* CQTabBar.m */,
				04EBCFAE1E1F787B00D50729 /* CQCenterView.h */,
				04EBCFAF1E1F787B00D50729 /* CQCenterView.m */,
			);
			name = Views;
			path = ..;
			sourceTree = "<group>";
		};
		04468E321E150B6B002D6942 /* Util */ = {
			isa = PBXGroup;
			children = (
				04468E651E150BFF002D6942 /* CQDownloadData.h */,
				04468E661E150BFF002D6942 /* CQDownloadData.m */,
				04468E681E150E7E002D6942 /* CQAFSessionManager.h */,
				04468E691E150E7E002D6942 /* CQAFSessionManager.m */,
				044232D51E1CDB5E00312752 /* UIImageView+CQBlur.h */,
				044232D61E1CDB5E00312752 /* UIImageView+CQBlur.m */,
				044232D81E1CDB8300312752 /* CQAnimationManager.h */,
				044232D91E1CDB8300312752 /* CQAnimationManager.m */,
			);
			path = Util;
			sourceTree = "<group>";
		};
		0450CD3A1E02982E0080F6F7 /* Other */ = {
			isa = PBXGroup;
			children = (
				0450CD3B1E0298500080F6F7 /* NSString+CQUtil.h */,
				0450CD3C1E0298500080F6F7 /* NSString+CQUtil.m */,
				0450CD3E1E029B5F0080F6F7 /* CQContactSorted.h */,
				0450CD3F1E029B5F0080F6F7 /* CQContactSorted.m */,
			);
			name = Other;
			sourceTree = "<group>";
		};
		0453E6301DFE825400DD68E1 /* PayedAppsDemo */ = {
			isa = PBXGroup;
			children = (
				04A4EFF71E07A878001596B2 /* other */,
				0481033E1DF90A0F00FE7C0F /* Controller */,
				048103421DF90AB800FE7C0F /* Views */,
				0481034C1DF90F2A00FE7C0F /* Model */,
			);
			path = PayedAppsDemo;
			sourceTree = "<group>";
		};
		0453E64E1DFE834600DD68E1 /* Dynamic */ = {
			isa = PBXGroup;
			children = (
				04A341491E01494A006D1AF3 /* Controller */,
				04A3414A1E014970006D1AF3 /* Views */,
				04A3414B1E014985006D1AF3 /* Model */,
			);
			path = Dynamic;
			sourceTree = "<group>";
		};
		047B78D61E232B4400CAD6D5 /* Other */ = {
			isa = PBXGroup;
			children = (
				047B78D31E232B2400CAD6D5 /* CQPlayerManager.h */,
				047B78D41E232B2400CAD6D5 /* CQPlayerManager.m */,
			);
			name = Other;
			sourceTree = "<group>";
		};
		048102FD1DF9065B00FE7C0F = {
			isa = PBXGroup;
			children = (
				048103081DF9065C00FE7C0F /* CQPayedDemo */,
				048103221DF9065C00FE7C0F /* CQPayedDemoTests */,
				0481032D1DF9065C00FE7C0F /* CQPayedDemoUITests */,
				048103071DF9065B00FE7C0F /* Products */,
				954F43E3EDFCFAFF642E7751 /* Pods */,
				633487E0EC5127BB86627A46 /* Frameworks */,
			);
			sourceTree = "<group>";
		};
		048103071DF9065B00FE7C0F /* Products */ = {
			isa = PBXGroup;
			children = (
				048103061DF9065B00FE7C0F /* CQPayedDemo.app */,
				0481031F1DF9065C00FE7C0F /* CQPayedDemoTests.xctest */,
				0481032A1DF9065C00FE7C0F /* CQPayedDemoUITests.xctest */,
			);
			name = Products;
			sourceTree = "<group>";
		};
		048103081DF9065C00FE7C0F /* CQPayedDemo */ = {
			isa = PBXGroup;
			children = (
				0453E6311DFE82E900DD68E1 /* CQMainController.h */,
				0453E6321DFE82E900DD68E1 /* CQMainController.m */,
				0453E6521DFE83B700DD68E1 /* CQMainController.storyboard */,
				042B27171E441BA200B5EE6E /* CollectionView */,
				04136EDA1E138BEF00580967 /* Music */,
				048F89651E08D06800BD7485 /* Player */,
				04F875C31E03F98300D25907 /* CoreText */,
				04061C741E0244FC008F65AC /* PhoneNum */,
				0453E64E1DFE834600DD68E1 /* Dynamic */,
				0453E6301DFE825400DD68E1 /* PayedAppsDemo */,
				04468E321E150B6B002D6942 /* Util */,
				048103591DF94B5900FE7C0F /* Other */,
				048103091DF9065C00FE7C0F /* Supporting Files */,
			);
			path = CQPayedDemo;
			sourceTree = "<group>";
		};
		048103091DF9065C00FE7C0F /* Supporting Files */ = {
			isa = PBXGroup;
			children = (
				0481030A1DF9065C00FE7C0F /* main.m */,
			);
			name = "Supporting Files";
			sourceTree = "<group>";
		};
		048103221DF9065C00FE7C0F /* CQPayedDemoTests */ = {
			isa = PBXGroup;
			children = (
				048103231DF9065C00FE7C0F /* CQPayedDemoTests.m */,
			);
			path = CQPayedDemoTests;
			sourceTree = "<group>";
		};
		0481032D1DF9065C00FE7C0F /* CQPayedDemoUITests */ = {
			isa = PBXGroup;
			children = (
				0481032E1DF9065C00FE7C0F /* CQPayedDemoUITests.m */,
				048103301DF9065C00FE7C0F /* Info.plist */,
			);
			path = CQPayedDemoUITests;
			sourceTree = "<group>";
		};
		0481033E1DF90A0F00FE7C0F /* Controller */ = {
			isa = PBXGroup;
			children = (
				0453E6361DFE82FD00DD68E1 /* CQAppsController.h */,
				0453E6371DFE82FD00DD68E1 /* CQAppsController.m */,
				04A341471E01472B006D1AF3 /* CQAppsController.storyboard */,
				0453E6381DFE82FD00DD68E1 /* CQAppsFlowLayout.h */,
				0453E6391DFE82FD00DD68E1 /* CQAppsFlowLayout.m */,
			);
			name = Controller;
			path = ..;
			sourceTree = "<group>";
		};
		048103421DF90AB800FE7C0F /* Views */ = {
			isa = PBXGroup;
			children = (
				0453E63C1DFE831500DD68E1 /* CQAppsCell.h */,
				0453E63D1DFE831500DD68E1 /* CQAppsCell.m */,
				0453E63E1DFE831500DD68E1 /* CQAppsView.h */,
				0453E63F1DFE831500DD68E1 /* CQAppsView.m */,
				0453E6401DFE831500DD68E1 /* CQFooterView.h */,
				0453E6411DFE831500DD68E1 /* CQFooterView.m */,
				0453E6421DFE831500DD68E1 /* CQHeaderView.h */,
				0453E6431DFE831500DD68E1 /* CQHeaderView.m */,
			);
			name = Views;
			path = ..;
			sourceTree = "<group>";
		};
		0481034C1DF90F2A00FE7C0F /* Model */ = {
			isa = PBXGroup;
			children = (
				0453E6481DFE832A00DD68E1 /* CQAppsDataManager.h */,
				0453E6491DFE832A00DD68E1 /* CQAppsDataManager.m */,
				0453E64A1DFE832A00DD68E1 /* CQAppsModel.h */,
				0453E64B1DFE832A00DD68E1 /* CQAppsModel.m */,
			);
			name = Model;
			path = ..;
			sourceTree = "<group>";
		};
		048103591DF94B5900FE7C0F /* Other */ = {
			isa = PBXGroup;
			children = (
				04E2DFB91E1B8D100016D81C /* Resource */,
				048103151DF9065C00FE7C0F /* Assets.xcassets */,
				048103171DF9065C00FE7C0F /* CQLaunchScreen.storyboard */,
				0481031A1DF9065C00FE7C0F /* Info.plist */,
				0481030C1DF9065C00FE7C0F /* CQAppDelegate.h */,
				0481030D1DF9065C00FE7C0F /* CQAppDelegate.m */,
				04F875BD1E03931900D25907 /* UIView+Frame.h */,
				04F875BE1E03931900D25907 /* UIView+Frame.m */,
				0481035A1DF94BCC00FE7C0F /* CQHeader.h */,
				0481035B1DF94BCC00FE7C0F /* CQHeader.m */,
				04468E6B1E150F8C002D6942 /* CQURLHeader.h */,
				04468E311E150796002D6942 /* PrefixHeader.pch */,
			);
			name = Other;
			sourceTree = "<group>";
		};
		048D53611E164A0F00A2588F /* DataModel */ = {
			isa = PBXGroup;
			children = (
				04D89E471E1DFCAD00870A26 /* CQBaseModel.h */,
				04D89E481E1DFCAD00870A26 /* CQBaseModel.m */,
				04D89E4D1E1DFCCE00870A26 /* CQContentModel.h */,
				04D89E4E1E1DFCCE00870A26 /* CQContentModel.m */,
			);
			name = DataModel;
			sourceTree = "<group>";
		};
		048D53621E164A2600A2588F /* LayoutModel */ = {
			isa = PBXGroup;
			children = (
				04D89E451E1DFCAD00870A26 /* CQBaseLayoutModel.h */,
				04D89E461E1DFCAD00870A26 /* CQBaseLayoutModel.m */,
				04D89E4B1E1DFCCE00870A26 /* CQContentLayoutModel.h */,
				04D89E4C1E1DFCCE00870A26 /* CQContentLayoutModel.m */,
			);
			name = LayoutModel;
			sourceTree = "<group>";
		};
		048F89651E08D06800BD7485 /* Player */ = {
			isa = PBXGroup;
			children = (
				048F896C1E08D0F300BD7485 /* Controller */,
				048F896B1E08D0F000BD7485 /* Views */,
				048F896A1E08D0EE00BD7485 /* Model */,
				048F89691E08D0EB00BD7485 /* Other */,
			);
			path = Player;
			sourceTree = "<group>";
		};
		048F89691E08D0EB00BD7485 /* Other */ = {
			isa = PBXGroup;
			children = (
			);
			name = Other;
			sourceTree = "<group>";
		};
		048F896A1E08D0EE00BD7485 /* Model */ = {
			isa = PBXGroup;
			children = (
				04468E1C1E14EF3C002D6942 /* CQVideoModel.h */,
				04468E1D1E14EF3C002D6942 /* CQVideoModel.m */,
			);
			name = Model;
			sourceTree = "<group>";
		};
		048F896B1E08D0F000BD7485 /* Views */ = {
			isa = PBXGroup;
			children = (
				048F896D1E08D1B400BD7485 /* CQPlayerView.h */,
				048F896E1E08D1B400BD7485 /* CQPlayerView.m */,
				048F89721E08E15300BD7485 /* CQTopView.h */,
				048F89731E08E15300BD7485 /* CQTopView.m */,
				048F89751E08E15F00BD7485 /* CQBottomView.h */,
				048F89761E08E15F00BD7485 /* CQBottomView.m */,
			);
			name = Views;
			sourceTree = "<group>";
		};
		048F896C1E08D0F300BD7485 /* Controller */ = {
			isa = PBXGroup;
			children = (
				048F89661E08D09300BD7485 /* CQPlayerController.h */,
				048F89671E08D09300BD7485 /* CQPlayerController.m */,
				048F89701E08D1E300BD7485 /* CQPlayerController.storyboard */,
			);
			name = Controller;
			sourceTree = "<group>";
		};
		04A341491E01494A006D1AF3 /* Controller */ = {
			isa = PBXGroup;
			children = (
				0453E64F1DFE836300DD68E1 /* CQDynamicViewController.h */,
				0453E6501DFE836300DD68E1 /* CQDynamicViewController.m */,
				04A341451E014702006D1AF3 /* CQDynamicViewController.storyboard */,
			);
			name = Controller;
			sourceTree = "<group>";
		};
		04A3414A1E014970006D1AF3 /* Views */ = {
			isa = PBXGroup;
			children = (
				04A3414C1E014BDA006D1AF3 /* CQDynamicMenueView.h */,
				04A3414D1E014BDA006D1AF3 /* CQDynamicMenueView.m */,
			);
			name = Views;
			sourceTree = "<group>";
		};
		04A3414B1E014985006D1AF3 /* Model */ = {
			isa = PBXGroup;
			children = (
			);
			name = Model;
			sourceTree = "<group>";
		};
		04A4EFF71E07A878001596B2 /* other */ = {
			isa = PBXGroup;
			children = (
				04A4EFF81E07A88D001596B2 /* AppDataList.plist */,
			);
			name = other;
			sourceTree = "<group>";
		};
		04A4EFFF1E07B2E6001596B2 /* Controller */ = {
			isa = PBXGroup;
			children = (
				04A4EFFA1E07B29D001596B2 /* CQCoreTextController.h */,
				04A4EFFB1E07B29D001596B2 /* CQCoreTextController.m */,
				04A4EFFD1E07B2B4001596B2 /* CQCoreTextController.storyboard */,
				04A4F0201E07B4B4001596B2 /* CQWebViewController.h */,
				04A4F0211E07B4B4001596B2 /* CQWebViewController.m */,
			);
			name = Controller;
			sourceTree = "<group>";
		};
		04A4F0001E07B362001596B2 /* Views */ = {
			isa = PBXGroup;
			children = (
				04A4F0021E07B3B9001596B2 /* CQDisplayView.h */,
				04A4F0031E07B3B9001596B2 /* CQDisplayView.m */,
				04A4F0061E07B3EC001596B2 /* CQMagnifierView.h */,
				04A4F0071E07B3EC001596B2 /* CQMagnifierView.m */,
				04A4F0251E07D59D001596B2 /* CQBigImageView.h */,
				04A4F0261E07D59D001596B2 /* CQBigImageView.m */,
			);
			name = Views;
			sourceTree = "<group>";
		};
		04A4F0011E07B36C001596B2 /* Model */ = {
			isa = PBXGroup;
			children = (
				04A4F0181E07B472001596B2 /* CQCoreTextData.h */,
				04A4F0191E07B472001596B2 /* CQCoreTextData.m */,
				04A4F01B1E07B491001596B2 /* CQCTFrameParserConfig.h */,
				04A4F01C1E07B491001596B2 /* CQCTFrameParserConfig.m */,
				04A4F00F1E07B431001596B2 /* CQCoreTextImageData.h */,
				04A4F0101E07B431001596B2 /* CQCoreTextImageData.m */,
				04A4F0111E07B431001596B2 /* CQCoreTextLinkData.h */,
				04A4F0121E07B431001596B2 /* CQCoreTextLinkData.m */,
			);
			name = Model;
			sourceTree = "<group>";
		};
		04A4F0051E07B3C6001596B2 /* Other */ = {
			isa = PBXGroup;
			children = (
				04A4F0231E07B5F2001596B2 /* default_imgAbout.jpg */,
				04A4F01E1E07B4A1001596B2 /* TempData.plist */,
				04A4F0151E07B450001596B2 /* CQCTFrameParser.h */,
				04A4F0161E07B450001596B2 /* CQCTFrameParser.m */,
				04A4F0091E07B40F001596B2 /* CQCoreTextUtils.h */,
				04A4F00A1E07B40F001596B2 /* CQCoreTextUtils.m */,
				04A4F00B1E07B40F001596B2 /* UIImage+CQExtra.h */,
				04A4F00C1E07B40F001596B2 /* UIImage+CQExtra.m */,
			);
			name = Other;
			sourceTree = "<group>";
		};
		04D89E191E1DF99E00870A26 /* RecommendMusic */ = {
			isa = PBXGroup;
			children = (
				04D89E1A1E1DF9B100870A26 /* Controller */,
				04D89E1D1E1DF9CF00870A26 /* Views */,
				04D89E1C1E1DF9C600870A26 /* Model */,
			);
			path = RecommendMusic;
			sourceTree = "<group>";
		};
		04D89E1A1E1DF9B100870A26 /* Controller */ = {
			isa = PBXGroup;
			children = (
				04D89E231E1DFB6000870A26 /* CQRecommendController.h */,
				04D89E241E1DFB6000870A26 /* CQRecommendController.m */,
				04D89E251E1DFB6000870A26 /* CQRecommendController.storyboard */,
				04D89E511E1E0CF300870A26 /* CQSongListController.h */,
				04D89E521E1E0CF300870A26 /* CQSongListController.m */,
				04D89E541E1E0D1400870A26 /* CQSongListController.storyboard */,
			);
			name = Controller;
			sourceTree = "<group>";
		};
		04D89E1C1E1DF9C600870A26 /* Model */ = {
			isa = PBXGroup;
			children = (
				04D89E5C1E1E30F800870A26 /* CQSongModel.h */,
				04D89E5D1E1E30F800870A26 /* CQSongModel.m */,
				04D89E5F1E1E313E00870A26 /* CQSongLayoutModel.h */,
				04D89E601E1E313E00870A26 /* CQSongLayoutModel.m */,
			);
			name = Model;
			sourceTree = "<group>";
		};
		04D89E1D1E1DF9CF00870A26 /* Views */ = {
			isa = PBXGroup;
			children = (
				04D89E1E1E1DFB2E00870A26 /* CQTableViewCell.h */,
				04D89E1F1E1DFB2E00870A26 /* CQTableViewCell.m */,
				04D89E201E1DFB2E00870A26 /* CQTableViewCell.xib */,
				04D89E561E1E0E3500870A26 /* CQSongCell.h */,
				04D89E571E1E0E3500870A26 /* CQSongCell.m */,
				04D89E591E1E15FF00870A26 /* CQSongListHeadView.h */,
				04D89E5A1E1E15FF00870A26 /* CQSongListHeadView.m */,
			);
			name = Views;
			sourceTree = "<group>";
		};
		04D89E281E1DFBA000870A26 /* Major */ = {
			isa = PBXGroup;
			children = (
				04D89E301E1DFBEE00870A26 /* Controller */,
				04D89E2F1E1DFBE300870A26 /* Views */,
				04D89E2E1E1DFBD500870A26 /* Model */,
			);
			path = Major;
			sourceTree = "<group>";
		};
		04D89E2E1E1DFBD500870A26 /* Model */ = {
			isa = PBXGroup;
			children = (
			);
			name = Model;
			sourceTree = "<group>";
		};
		04D89E2F1E1DFBE300870A26 /* Views */ = {
			isa = PBXGroup;
			children = (
			);
			name = Views;
			sourceTree = "<group>";
		};
		04D89E301E1DFBEE00870A26 /* Controller */ = {
			isa = PBXGroup;
			children = (
				04D89E291E1DFBC400870A26 /* CQMajorController.h */,
				04D89E2A1E1DFBC400870A26 /* CQMajorController.m */,
				04D89E2B1E1DFBC400870A26 /* CQMajorController.storyboard */,
			);
			name = Controller;
			sourceTree = "<group>";
		};
		04D89E311E1DFC2D00870A26 /* Main */ = {
			isa = PBXGroup;
			children = (
				04468E1F1E14FB8D002D6942 /* Controller */,
				04468E211E14FBAB002D6942 /* Views */,
				04468E201E14FBA2002D6942 /* Model */,
				047B78D61E232B4400CAD6D5 /* Other */,
			);
			path = Main;
			sourceTree = "<group>";
		};
		04E2DFB91E1B8D100016D81C /* Resource */ = {
			isa = PBXGroup;
			children = (
				04E2DFBC1E1BA1B40016D81C /* backGroundImage.png */,
			);
			path = Resource;
			sourceTree = "<group>";
		};
		04F875C31E03F98300D25907 /* CoreText */ = {
			isa = PBXGroup;
			children = (
				04A4EFFF1E07B2E6001596B2 /* Controller */,
				04A4F0001E07B362001596B2 /* Views */,
				04A4F0011E07B36C001596B2 /* Model */,
				04A4F0051E07B3C6001596B2 /* Other */,
			);
			path = CoreText;
			sourceTree = "<group>";
		};
		633487E0EC5127BB86627A46 /* Frameworks */ = {
			isa = PBXGroup;
			children = (
				1591E47FC17EF5AB4A7AA418 /* libPods-CQPayedDemo.a */,
			);
			name = Frameworks;
			sourceTree = "<group>";
		};
		954F43E3EDFCFAFF642E7751 /* Pods */ = {
			isa = PBXGroup;
			children = (
				DAE9B1454CC1775B89BF801A /* Pods-CQPayedDemo.debug.xcconfig */,
				8D29177CD856F5B1BB9199C9 /* Pods-CQPayedDemo.release.xcconfig */,
			);
			name = Pods;
			sourceTree = "<group>";
		};
/* End PBXGroup section */

/* Begin PBXNativeTarget section */
		048103051DF9065B00FE7C0F /* CQPayedDemo */ = {
			isa = PBXNativeTarget;
			buildConfigurationList = 048103331DF9065C00FE7C0F /* Build configuration list for PBXNativeTarget "CQPayedDemo" */;
			buildPhases = (
				E58F9198DCE23B9279F9A1A1 /* [CP] Check Pods Manifest.lock */,
				048103021DF9065B00FE7C0F /* Sources */,
				048103031DF9065B00FE7C0F /* Frameworks */,
				048103041DF9065B00FE7C0F /* Resources */,
				2BF696168886669B398D6EB5 /* [CP] Embed Pods Frameworks */,
				79F0D9D10B53230C5C2C6159 /* [CP] Copy Pods Resources */,
			);
			buildRules = (
			);
			dependencies = (
			);
			name = CQPayedDemo;
			productName = CQPayedDemo;
			productReference = 048103061DF9065B00FE7C0F /* CQPayedDemo.app */;
			productType = "com.apple.product-type.application";
		};
		0481031E1DF9065C00FE7C0F /* CQPayedDemoTests */ = {
			isa = PBXNativeTarget;
			buildConfigurationList = 048103361DF9065C00FE7C0F /* Build configuration list for PBXNativeTarget "CQPayedDemoTests" */;
			buildPhases = (
				0481031B1DF9065C00FE7C0F /* Sources */,
				0481031C1DF9065C00FE7C0F /* Frameworks */,
				0481031D1DF9065C00FE7C0F /* Resources */,
			);
			buildRules = (
			);
			dependencies = (
				048103211DF9065C00FE7C0F /* PBXTargetDependency */,
			);
			name = CQPayedDemoTests;
			productName = CQPayedDemoTests;
			productReference = 0481031F1DF9065C00FE7C0F /* CQPayedDemoTests.xctest */;
			productType = "com.apple.product-type.bundle.unit-test";
		};
		048103291DF9065C00FE7C0F /* CQPayedDemoUITests */ = {
			isa = PBXNativeTarget;
			buildConfigurationList = 048103391DF9065C00FE7C0F /* Build configuration list for PBXNativeTarget "CQPayedDemoUITests" */;
			buildPhases = (
				048103261DF9065C00FE7C0F /* Sources */,
				048103271DF9065C00FE7C0F /* Frameworks */,
				048103281DF9065C00FE7C0F /* Resources */,
			);
			buildRules = (
			);
			dependencies = (
				0481032C1DF9065C00FE7C0F /* PBXTargetDependency */,
			);
			name = CQPayedDemoUITests;
			productName = CQPayedDemoUITests;
			productReference = 0481032A1DF9065C00FE7C0F /* CQPayedDemoUITests.xctest */;
			productType = "com.apple.product-type.bundle.ui-testing";
		};
/* End PBXNativeTarget section */

/* Begin PBXProject section */
		048102FE1DF9065B00FE7C0F /* Project object */ = {
			isa = PBXProject;
			attributes = {
				CLASSPREFIX = CQ;
				LastUpgradeCheck = 0800;
				ORGANIZATIONNAME = wwdx;
				TargetAttributes = {
					048103051DF9065B00FE7C0F = {
						CreatedOnToolsVersion = 8.0;
						DevelopmentTeam = Y63K5QYE9U;
						ProvisioningStyle = Automatic;
						SystemCapabilities = {
							com.apple.BackgroundModes = {
								enabled = 1;
							};
						};
					};
					0481031E1DF9065C00FE7C0F = {
						CreatedOnToolsVersion = 8.0;
						DevelopmentTeam = Y63K5QYE9U;
						ProvisioningStyle = Automatic;
						TestTargetID = 048103051DF9065B00FE7C0F;
					};
					048103291DF9065C00FE7C0F = {
						CreatedOnToolsVersion = 8.0;
						DevelopmentTeam = Y63K5QYE9U;
						ProvisioningStyle = Automatic;
						TestTargetID = 048103051DF9065B00FE7C0F;
					};
				};
			};
			buildConfigurationList = 048103011DF9065B00FE7C0F /* Build configuration list for PBXProject "CQPayedDemo" */;
			compatibilityVersion = "Xcode 3.2";
			developmentRegion = English;
			hasScannedForEncodings = 0;
			knownRegions = (
				en,
				Base,
			);
			mainGroup = 048102FD1DF9065B00FE7C0F;
			productRefGroup = 048103071DF9065B00FE7C0F /* Products */;
			projectDirPath = "";
			projectRoot = "";
			targets = (
				048103051DF9065B00FE7C0F /* CQPayedDemo */,
				0481031E1DF9065C00FE7C0F /* CQPayedDemoTests */,
				048103291DF9065C00FE7C0F /* CQPayedDemoUITests */,
			);
		};
/* End PBXProject section */

/* Begin PBXResourcesBuildPhase section */
		048103041DF9065B00FE7C0F /* Resources */ = {
			isa = PBXResourcesBuildPhase;
			buildActionMask = 2147483647;
			files = (
				04D89E271E1DFB6000870A26 /* CQRecommendController.storyboard in Resources */,
				04A341461E014702006D1AF3 /* CQDynamicViewController.storyboard in Resources */,
				04D89E361E1DFC8300870A26 /* CQVideoController.storyboard in Resources */,
				048103191DF9065C00FE7C0F /* CQLaunchScreen.storyboard in Resources */,
				04A4EFF91E07A88D001596B2 /* AppDataList.plist in Resources */,
				048103161DF9065C00FE7C0F /* Assets.xcassets in Resources */,
				04D89E3D1E1DFC8F00870A26 /* CQMusicBarController.storyboard in Resources */,
				04A4EFFE1E07B2B4001596B2 /* CQCoreTextController.storyboard in Resources */,
				04A4F0241E07B5F2001596B2 /* default_imgAbout.jpg in Resources */,
				04A4F01F1E07B4A1001596B2 /* TempData.plist in Resources */,
				04D89E2D1E1DFBC400870A26 /* CQMajorController.storyboard in Resources */,
				042B27231E441BF800B5EE6E /* CQCollectionViewCellH.xib in Resources */,
				04061C791E02453C008F65AC /* CQPhoneNumController.storyboard in Resources */,
				042B273C1E441C2A00B5EE6E /* CQWaterfallFlowController.storyboard in Resources */,
				04A341481E01472B006D1AF3 /* CQAppsController.storyboard in Resources */,
				04D89E551E1E0D1400870A26 /* CQSongListController.storyboard in Resources */,
				04E2DFBD1E1BA1B40016D81C /* backGroundImage.png in Resources */,
				042B27301E441C1300B5EE6E /* CQCollectionViewCell.xib in Resources */,
				0453E6541DFE83B700DD68E1 /* CQMainController.storyboard in Resources */,
				048F89711E08D1E300BD7485 /* CQPlayerController.storyboard in Resources */,
				04D89E221E1DFB2E00870A26 /* CQTableViewCell.xib in Resources */,
			);
			runOnlyForDeploymentPostprocessing = 0;
		};
		0481031D1DF9065C00FE7C0F /* Resources */ = {
			isa = PBXResourcesBuildPhase;
			buildActionMask = 2147483647;
			files = (
			);
			runOnlyForDeploymentPostprocessing = 0;
		};
		048103281DF9065C00FE7C0F /* Resources */ = {
			isa = PBXResourcesBuildPhase;
			buildActionMask = 2147483647;
			files = (
			);
			runOnlyForDeploymentPostprocessing = 0;
		};
/* End PBXResourcesBuildPhase section */

/* Begin PBXShellScriptBuildPhase section */
		2BF696168886669B398D6EB5 /* [CP] Embed Pods Frameworks */ = {
			isa = PBXShellScriptBuildPhase;
			buildActionMask = 2147483647;
			files = (
			);
			inputPaths = (
			);
			name = "[CP] Embed Pods Frameworks";
			outputPaths = (
			);
			runOnlyForDeploymentPostprocessing = 0;
			shellPath = /bin/sh;
			shellScript = "\"${SRCROOT}/Pods/Target Support Files/Pods-CQPayedDemo/Pods-CQPayedDemo-frameworks.sh\"\n";
			showEnvVarsInLog = 0;
		};
		79F0D9D10B53230C5C2C6159 /* [CP] Copy Pods Resources */ = {
			isa = PBXShellScriptBuildPhase;
			buildActionMask = 2147483647;
			files = (
			);
			inputPaths = (
			);
			name = "[CP] Copy Pods Resources";
			outputPaths = (
			);
			runOnlyForDeploymentPostprocessing = 0;
			shellPath = /bin/sh;
			shellScript = "\"${SRCROOT}/Pods/Target Support Files/Pods-CQPayedDemo/Pods-CQPayedDemo-resources.sh\"\n";
			showEnvVarsInLog = 0;
		};
		E58F9198DCE23B9279F9A1A1 /* [CP] Check Pods Manifest.lock */ = {
			isa = PBXShellScriptBuildPhase;
			buildActionMask = 2147483647;
			files = (
			);
			inputPaths = (
			);
			name = "[CP] Check Pods Manifest.lock";
			outputPaths = (
			);
			runOnlyForDeploymentPostprocessing = 0;
			shellPath = /bin/sh;
			shellScript = "diff \"${PODS_PODFILE_DIR_PATH}/Podfile.lock\" \"${PODS_ROOT}/Manifest.lock\" > /dev/null\nif [ $? != 0 ] ; then\n    # print error to STDERR\n    echo \"error: The sandbox is not in sync with the Podfile.lock. Run 'pod install' or update your CocoaPods installation.\" >&2\n    exit 1\nfi\n";
			showEnvVarsInLog = 0;
		};
/* End PBXShellScriptBuildPhase section */

/* Begin PBXSourcesBuildPhase section */
		048103021DF9065B00FE7C0F /* Sources */ = {
			isa = PBXSourcesBuildPhase;
			buildActionMask = 2147483647;
			files = (
				042B273B1E441C2A00B5EE6E /* CQWaterfallFlowController.m in Sources */,
				042B27211E441BF800B5EE6E /* CQCollectionHController.m in Sources */,
				042B272F1E441C1300B5EE6E /* CQCollectionViewCell.m in Sources */,
				0453E6471DFE831500DD68E1 /* CQHeaderView.m in Sources */,
				04061C771E02452C008F65AC /* CQPhoneNumController.m in Sources */,
				0453E64C1DFE832A00DD68E1 /* CQAppsDataManager.m in Sources */,
				04F875BF1E03931900D25907 /* UIView+Frame.m in Sources */,
				04A4F0141E07B431001596B2 /* CQCoreTextLinkData.m in Sources */,
				042B27321E441C1300B5EE6E /* CQStackLayout.m in Sources */,
				04A4F0271E07D59D001596B2 /* CQBigImageView.m in Sources */,
				042B272E1E441C1200B5EE6E /* CQCollectionViewAnimation.m in Sources */,
				04F875C21E03E5B000D25907 /* CQPhoneHeaderView.m in Sources */,
				0481035C1DF94BCC00FE7C0F /* CQHeader.m in Sources */,
				04D89E5B1E1E15FF00870A26 /* CQSongListHeadView.m in Sources */,
				04A4F0171E07B450001596B2 /* CQCTFrameParser.m in Sources */,
				04D89E441E1DFC9E00870A26 /* CQTabBar.m in Sources */,
				04061C821E026F82008F65AC /* CQPhoneNumModel.m in Sources */,
				04D89E4F1E1DFCCE00870A26 /* CQContentLayoutModel.m in Sources */,
				04A4F00D1E07B40F001596B2 /* CQCoreTextUtils.m in Sources */,
				0453E64D1DFE832A00DD68E1 /* CQAppsModel.m in Sources */,
				04A4F01D1E07B491001596B2 /* CQCTFrameParserConfig.m in Sources */,
				04D89E351E1DFC8300870A26 /* CQVideoController.m in Sources */,
				04A4EFFC1E07B29D001596B2 /* CQCoreTextController.m in Sources */,
				047B78D51E232B2400CAD6D5 /* CQPlayerManager.m in Sources */,
				04A4F0221E07B4B4001596B2 /* CQWebViewController.m in Sources */,
				04061C7F1E02640E008F65AC /* CQLoadPhoneNumber.m in Sources */,
				042B273E1E441C2A00B5EE6E /* CQWaterfallLayout.m in Sources */,
				04D89E211E1DFB2E00870A26 /* CQTableViewCell.m in Sources */,
				048F89681E08D09300BD7485 /* CQPlayerController.m in Sources */,
				04D89E4A1E1DFCAD00870A26 /* CQBaseModel.m in Sources */,
				044232DA1E1CDB8300312752 /* CQAnimationManager.m in Sources */,
				0450CD391E028C3D0080F6F7 /* CQPhoneNumberCell.m in Sources */,
				0481030E1DF9065C00FE7C0F /* CQAppDelegate.m in Sources */,
				042B27411E441C6E00B5EE6E /* CQCollectionViewController.m in Sources */,
				04D89E261E1DFB6000870A26 /* CQRecommendController.m in Sources */,
				0453E6441DFE831500DD68E1 /* CQAppsCell.m in Sources */,
				042B27311E441C1300B5EE6E /* CQCycleLayout.m in Sources */,
				04D89E431E1DFC9E00870A26 /* CQButton.m in Sources */,
				0453E63A1DFE82FD00DD68E1 /* CQAppsController.m in Sources */,
				042B27221E441BF800B5EE6E /* CQCollectionViewCellH.m in Sources */,
				0453E6461DFE831500DD68E1 /* CQFooterView.m in Sources */,
				0481030B1DF9065C00FE7C0F /* main.m in Sources */,
				04EBCFB01E1F787B00D50729 /* CQCenterView.m in Sources */,
				04468E1E1E14EF3C002D6942 /* CQVideoModel.m in Sources */,
				04468E671E150BFF002D6942 /* CQDownloadData.m in Sources */,
				04468E6A1E150E7E002D6942 /* CQAFSessionManager.m in Sources */,
				04A3414E1E014BDA006D1AF3 /* CQDynamicMenueView.m in Sources */,
				0453E6341DFE82E900DD68E1 /* CQMainController.m in Sources */,
				04D89E2C1E1DFBC400870A26 /* CQMajorController.m in Sources */,
				048F896F1E08D1B400BD7485 /* CQPlayerView.m in Sources */,
				04D89E5E1E1E30F800870A26 /* CQSongModel.m in Sources */,
				04A4F0131E07B431001596B2 /* CQCoreTextImageData.m in Sources */,
				044232D71E1CDB5E00312752 /* UIImageView+CQBlur.m in Sources */,
				04D89E501E1DFCCE00870A26 /* CQContentModel.m in Sources */,
				04D89E531E1E0CF300870A26 /* CQSongListController.m in Sources */,
				04A4F00E1E07B40F001596B2 /* UIImage+CQExtra.m in Sources */,
				0450CD3D1E0298500080F6F7 /* NSString+CQUtil.m in Sources */,
				04A4F0081E07B3EC001596B2 /* CQMagnifierView.m in Sources */,
				042B273D1E441C2A00B5EE6E /* CQWaterfallFlowCell.m in Sources */,
				048F89741E08E15300BD7485 /* CQTopView.m in Sources */,
				04D89E491E1DFCAD00870A26 /* CQBaseLayoutModel.m in Sources */,
				048F89771E08E15F00BD7485 /* CQBottomView.m in Sources */,
				0453E6451DFE831500DD68E1 /* CQAppsView.m in Sources */,
				0450CD401E029B5F0080F6F7 /* CQContactSorted.m in Sources */,
				04A4F01A1E07B472001596B2 /* CQCoreTextData.m in Sources */,
				0453E63B1DFE82FD00DD68E1 /* CQAppsFlowLayout.m in Sources */,
				04D89E3E1E1DFC8F00870A26 /* CQNavigationController.m in Sources */,
				04D89E581E1E0E3500870A26 /* CQSongCell.m in Sources */,
				04D89E611E1E313E00870A26 /* CQSongLayoutModel.m in Sources */,
				0453E6511DFE836300DD68E1 /* CQDynamicViewController.m in Sources */,
				04A4F0041E07B3B9001596B2 /* CQDisplayView.m in Sources */,
				042B27201E441BF800B5EE6E /* CQCellHFlowLayout.m in Sources */,
				04D89E3C1E1DFC8F00870A26 /* CQMusicBarController.m in Sources */,
			);
			runOnlyForDeploymentPostprocessing = 0;
		};
		0481031B1DF9065C00FE7C0F /* Sources */ = {
			isa = PBXSourcesBuildPhase;
			buildActionMask = 2147483647;
			files = (
				048103241DF9065C00FE7C0F /* CQPayedDemoTests.m in Sources */,
			);
			runOnlyForDeploymentPostprocessing = 0;
		};
		048103261DF9065C00FE7C0F /* Sources */ = {
			isa = PBXSourcesBuildPhase;
			buildActionMask = 2147483647;
			files = (
				0481032F1DF9065C00FE7C0F /* CQPayedDemoUITests.m in Sources */,
			);
			runOnlyForDeploymentPostprocessing = 0;
		};
/* End PBXSourcesBuildPhase section */

/* Begin PBXTargetDependency section */
		048103211DF9065C00FE7C0F /* PBXTargetDependency */ = {
			isa = PBXTargetDependency;
			target = 048103051DF9065B00FE7C0F /* CQPayedDemo */;
			targetProxy = 048103201DF9065C00FE7C0F /* PBXContainerItemProxy */;
		};
		0481032C1DF9065C00FE7C0F /* PBXTargetDependency */ = {
			isa = PBXTargetDependency;
			target = 048103051DF9065B00FE7C0F /* CQPayedDemo */;
			targetProxy = 0481032B1DF9065C00FE7C0F /* PBXContainerItemProxy */;
		};
/* End PBXTargetDependency section */

/* Begin PBXVariantGroup section */
		0453E6521DFE83B700DD68E1 /* CQMainController.storyboard */ = {
			isa = PBXVariantGroup;
			children = (
				0453E6531DFE83B700DD68E1 /* Base */,
			);
			name = CQMainController.storyboard;
			sourceTree = "<group>";
		};
		048103171DF9065C00FE7C0F /* CQLaunchScreen.storyboard */ = {
			isa = PBXVariantGroup;
			children = (
				048103181DF9065C00FE7C0F /* Base */,
			);
			name = CQLaunchScreen.storyboard;
			sourceTree = "<group>";
		};
/* End PBXVariantGroup section */

/* Begin XCBuildConfiguration section */
		048103311DF9065C00FE7C0F /* Debug */ = {
			isa = XCBuildConfiguration;
			buildSettings = {
				ALWAYS_SEARCH_USER_PATHS = NO;
				CLANG_ANALYZER_NONNULL = YES;
				CLANG_CXX_LANGUAGE_STANDARD = "gnu++0x";
				CLANG_CXX_LIBRARY = "libc++";
				CLANG_ENABLE_MODULES = YES;
				CLANG_ENABLE_OBJC_ARC = YES;
				CLANG_WARN_BOOL_CONVERSION = YES;
				CLANG_WARN_CONSTANT_CONVERSION = YES;
				CLANG_WARN_DIRECT_OBJC_ISA_USAGE = YES_ERROR;
				CLANG_WARN_DOCUMENTATION_COMMENTS = YES;
				CLANG_WARN_EMPTY_BODY = YES;
				CLANG_WARN_ENUM_CONVERSION = YES;
				CLANG_WARN_INFINITE_RECURSION = YES;
				CLANG_WARN_INT_CONVERSION = YES;
				CLANG_WARN_OBJC_ROOT_CLASS = YES_ERROR;
				CLANG_WARN_SUSPICIOUS_MOVES = YES;
				CLANG_WARN_UNREACHABLE_CODE = YES;
				CLANG_WARN__DUPLICATE_METHOD_MATCH = YES;
				"CODE_SIGN_IDENTITY[sdk=iphoneos*]" = "iPhone Developer";
				COPY_PHASE_STRIP = NO;
				DEBUG_INFORMATION_FORMAT = dwarf;
				ENABLE_STRICT_OBJC_MSGSEND = YES;
				ENABLE_TESTABILITY = YES;
				GCC_C_LANGUAGE_STANDARD = gnu99;
				GCC_DYNAMIC_NO_PIC = NO;
				GCC_NO_COMMON_BLOCKS = YES;
				GCC_OPTIMIZATION_LEVEL = 0;
				GCC_PREPROCESSOR_DEFINITIONS = (
					"DEBUG=1",
					"$(inherited)",
				);
				GCC_WARN_64_TO_32_BIT_CONVERSION = YES;
				GCC_WARN_ABOUT_RETURN_TYPE = YES_ERROR;
				GCC_WARN_UNDECLARED_SELECTOR = YES;
				GCC_WARN_UNINITIALIZED_AUTOS = YES_AGGRESSIVE;
				GCC_WARN_UNUSED_FUNCTION = YES;
				GCC_WARN_UNUSED_VARIABLE = YES;
				IPHONEOS_DEPLOYMENT_TARGET = 10.0;
				MTL_ENABLE_DEBUG_INFO = YES;
				ONLY_ACTIVE_ARCH = YES;
				SDKROOT = iphoneos;
			};
			name = Debug;
		};
		048103321DF9065C00FE7C0F /* Release */ = {
			isa = XCBuildConfiguration;
			buildSettings = {
				ALWAYS_SEARCH_USER_PATHS = NO;
				CLANG_ANALYZER_NONNULL = YES;
				CLANG_CXX_LANGUAGE_STANDARD = "gnu++0x";
				CLANG_CXX_LIBRARY = "libc++";
				CLANG_ENABLE_MODULES = YES;
				CLANG_ENABLE_OBJC_ARC = YES;
				CLANG_WARN_BOOL_CONVERSION = YES;
				CLANG_WARN_CONSTANT_CONVERSION = YES;
				CLANG_WARN_DIRECT_OBJC_ISA_USAGE = YES_ERROR;
				CLANG_WARN_DOCUMENTATION_COMMENTS = YES;
				CLANG_WARN_EMPTY_BODY = YES;
				CLANG_WARN_ENUM_CONVERSION = YES;
				CLANG_WARN_INFINITE_RECURSION = YES;
				CLANG_WARN_INT_CONVERSION = YES;
				CLANG_WARN_OBJC_ROOT_CLASS = YES_ERROR;
				CLANG_WARN_SUSPICIOUS_MOVES = YES;
				CLANG_WARN_UNREACHABLE_CODE = YES;
				CLANG_WARN__DUPLICATE_METHOD_MATCH = YES;
				"CODE_SIGN_IDENTITY[sdk=iphoneos*]" = "iPhone Developer";
				COPY_PHASE_STRIP = NO;
				DEBUG_INFORMATION_FORMAT = "dwarf-with-dsym";
				ENABLE_NS_ASSERTIONS = NO;
				ENABLE_STRICT_OBJC_MSGSEND = YES;
				GCC_C_LANGUAGE_STANDARD = gnu99;
				GCC_NO_COMMON_BLOCKS = YES;
				GCC_WARN_64_TO_32_BIT_CONVERSION = YES;
				GCC_WARN_ABOUT_RETURN_TYPE = YES_ERROR;
				GCC_WARN_UNDECLARED_SELECTOR = YES;
				GCC_WARN_UNINITIALIZED_AUTOS = YES_AGGRESSIVE;
				GCC_WARN_UNUSED_FUNCTION = YES;
				GCC_WARN_UNUSED_VARIABLE = YES;
				IPHONEOS_DEPLOYMENT_TARGET = 10.0;
				MTL_ENABLE_DEBUG_INFO = NO;
				SDKROOT = iphoneos;
				VALIDATE_PRODUCT = YES;
			};
			name = Release;
		};
		048103341DF9065C00FE7C0F /* Debug */ = {
			isa = XCBuildConfiguration;
			baseConfigurationReference = DAE9B1454CC1775B89BF801A /* Pods-CQPayedDemo.debug.xcconfig */;
			buildSettings = {
				ASSETCATALOG_COMPILER_APPICON_NAME = AppIcon;
				DEVELOPMENT_TEAM = Y63K5QYE9U;
				GCC_PREFIX_HEADER = CQPayedDemo/PrefixHeader.pch;
				INFOPLIST_FILE = CQPayedDemo/Info.plist;
				IPHONEOS_DEPLOYMENT_TARGET = 8.0;
				LD_RUNPATH_SEARCH_PATHS = "$(inherited) @executable_path/Frameworks";
				PRODUCT_BUNDLE_IDENTIFIER = com.iOSApp.wwdx;
				PRODUCT_NAME = "$(TARGET_NAME)";
			};
			name = Debug;
		};
		048103351DF9065C00FE7C0F /* Release */ = {
			isa = XCBuildConfiguration;
			baseConfigurationReference = 8D29177CD856F5B1BB9199C9 /* Pods-CQPayedDemo.release.xcconfig */;
			buildSettings = {
				ASSETCATALOG_COMPILER_APPICON_NAME = AppIcon;
				DEVELOPMENT_TEAM = Y63K5QYE9U;
				GCC_PREFIX_HEADER = CQPayedDemo/PrefixHeader.pch;
				INFOPLIST_FILE = CQPayedDemo/Info.plist;
				IPHONEOS_DEPLOYMENT_TARGET = 8.0;
				LD_RUNPATH_SEARCH_PATHS = "$(inherited) @executable_path/Frameworks";
				PRODUCT_BUNDLE_IDENTIFIER = com.iOSApp.wwdx;
				PRODUCT_NAME = "$(TARGET_NAME)";
			};
			name = Release;
		};
		048103371DF9065C00FE7C0F /* Debug */ = {
			isa = XCBuildConfiguration;
			buildSettings = {
				BUNDLE_LOADER = "$(TEST_HOST)";
				DEVELOPMENT_TEAM = Y63K5QYE9U;
				INFOPLIST_FILE = CQPayedDemoTests/Info.plist;
				LD_RUNPATH_SEARCH_PATHS = "$(inherited) @executable_path/Frameworks @loader_path/Frameworks";
				PRODUCT_BUNDLE_IDENTIFIER = com.iOSApp.wwdx.CQPayedDemoTests;
				PRODUCT_NAME = "$(TARGET_NAME)";
				TEST_HOST = "$(BUILT_PRODUCTS_DIR)/CQPayedDemo.app/CQPayedDemo";
			};
			name = Debug;
		};
		048103381DF9065C00FE7C0F /* Release */ = {
			isa = XCBuildConfiguration;
			buildSettings = {
				BUNDLE_LOADER = "$(TEST_HOST)";
				DEVELOPMENT_TEAM = Y63K5QYE9U;
				INFOPLIST_FILE = CQPayedDemoTests/Info.plist;
				LD_RUNPATH_SEARCH_PATHS = "$(inherited) @executable_path/Frameworks @loader_path/Frameworks";
				PRODUCT_BUNDLE_IDENTIFIER = com.iOSApp.wwdx.CQPayedDemoTests;
				PRODUCT_NAME = "$(TARGET_NAME)";
				TEST_HOST = "$(BUILT_PRODUCTS_DIR)/CQPayedDemo.app/CQPayedDemo";
			};
			name = Release;
		};
		0481033A1DF9065C00FE7C0F /* Debug */ = {
			isa = XCBuildConfiguration;
			buildSettings = {
				DEVELOPMENT_TEAM = Y63K5QYE9U;
				INFOPLIST_FILE = CQPayedDemoUITests/Info.plist;
				LD_RUNPATH_SEARCH_PATHS = "$(inherited) @executable_path/Frameworks @loader_path/Frameworks";
				PRODUCT_BUNDLE_IDENTIFIER = com.iOSApp.wwdx.CQPayedDemoUITests;
				PRODUCT_NAME = "$(TARGET_NAME)";
				TEST_TARGET_NAME = CQPayedDemo;
			};
			name = Debug;
		};
		0481033B1DF9065C00FE7C0F /* Release */ = {
			isa = XCBuildConfiguration;
			buildSettings = {
				DEVELOPMENT_TEAM = Y63K5QYE9U;
				INFOPLIST_FILE = CQPayedDemoUITests/Info.plist;
				LD_RUNPATH_SEARCH_PATHS = "$(inherited) @executable_path/Frameworks @loader_path/Frameworks";
				PRODUCT_BUNDLE_IDENTIFIER = com.iOSApp.wwdx.CQPayedDemoUITests;
				PRODUCT_NAME = "$(TARGET_NAME)";
				TEST_TARGET_NAME = CQPayedDemo;
			};
			name = Release;
		};
/* End XCBuildConfiguration section */

/* Begin XCConfigurationList section */
		048103011DF9065B00FE7C0F /* Build configuration list for PBXProject "CQPayedDemo" */ = {
			isa = XCConfigurationList;
			buildConfigurations = (
				048103311DF9065C00FE7C0F /* Debug */,
				048103321DF9065C00FE7C0F /* Release */,
			);
			defaultConfigurationIsVisible = 0;
			defaultConfigurationName = Release;
		};
		048103331DF9065C00FE7C0F /* Build configuration list for PBXNativeTarget "CQPayedDemo" */ = {
			isa = XCConfigurationList;
			buildConfigurations = (
				048103341DF9065C00FE7C0F /* Debug */,
				048103351DF9065C00FE7C0F /* Release */,
			);
			defaultConfigurationIsVisible = 0;
			defaultConfigurationName = Release;
		};
		048103361DF9065C00FE7C0F /* Build configuration list for PBXNativeTarget "CQPayedDemoTests" */ = {
			isa = XCConfigurationList;
			buildConfigurations = (
				048103371DF9065C00FE7C0F /* Debug */,
				048103381DF9065C00FE7C0F /* Release */,
			);
			defaultConfigurationIsVisible = 0;
			defaultConfigurationName = Release;
		};
		048103391DF9065C00FE7C0F /* Build configuration list for PBXNativeTarget "CQPayedDemoUITests" */ = {
			isa = XCConfigurationList;
			buildConfigurations = (
				0481033A1DF9065C00FE7C0F /* Debug */,
				0481033B1DF9065C00FE7C0F /* Release */,
			);
			defaultConfigurationIsVisible = 0;
			defaultConfigurationName = Release;
		};
/* End XCConfigurationList section */
	};
	rootObject = 048102FE1DF9065B00FE7C0F /* Project object */;
}
